// !$*UTF8*$!
{
	archiveVersion = 1;
	classes = {
	};
	objectVersion = 46;
	objects = {

/* Begin PBXBuildFile section */
		110A3FF71524890900C1EDDA /* HCXmpp+HCReconnectDelegate.m in Sources */ = {isa = PBXBuildFile; fileRef = 110A3FF61524890900C1EDDA /* HCXmpp+HCReconnectDelegate.m */; };
		110A40061524942500C1EDDA /* HCOptions+HCPhoneGapUtil.m in Sources */ = {isa = PBXBuildFile; fileRef = 110A40021524942500C1EDDA /* HCOptions+HCPhoneGapUtil.m */; };
		110A40081524942500C1EDDA /* HCPhoneGapClientCommand.m in Sources */ = {isa = PBXBuildFile; fileRef = 110A40051524942500C1EDDA /* HCPhoneGapClientCommand.m */; };
		1197263F1521E571002AF83F /* Foundation.framework in Frameworks */ = {isa = PBXBuildFile; fileRef = 1197263E1521E571002AF83F /* Foundation.framework */; };
		119726411521E571002AF83F /* UIKit.framework in Frameworks */ = {isa = PBXBuildFile; fileRef = 119726401521E571002AF83F /* UIKit.framework */; };
		119726431521E571002AF83F /* CoreGraphics.framework in Frameworks */ = {isa = PBXBuildFile; fileRef = 119726421521E571002AF83F /* CoreGraphics.framework */; };
		119726451521E571002AF83F /* AddressBook.framework in Frameworks */ = {isa = PBXBuildFile; fileRef = 119726441521E571002AF83F /* AddressBook.framework */; };
		119726471521E571002AF83F /* AddressBookUI.framework in Frameworks */ = {isa = PBXBuildFile; fileRef = 119726461521E571002AF83F /* AddressBookUI.framework */; };
		119726491521E571002AF83F /* AudioToolbox.framework in Frameworks */ = {isa = PBXBuildFile; fileRef = 119726481521E571002AF83F /* AudioToolbox.framework */; };
		1197264B1521E571002AF83F /* AVFoundation.framework in Frameworks */ = {isa = PBXBuildFile; fileRef = 1197264A1521E571002AF83F /* AVFoundation.framework */; };
		1197264D1521E571002AF83F /* CoreLocation.framework in Frameworks */ = {isa = PBXBuildFile; fileRef = 1197264C1521E571002AF83F /* CoreLocation.framework */; };
		1197264F1521E571002AF83F /* MediaPlayer.framework in Frameworks */ = {isa = PBXBuildFile; fileRef = 1197264E1521E571002AF83F /* MediaPlayer.framework */; };
		119726511521E571002AF83F /* QuartzCore.framework in Frameworks */ = {isa = PBXBuildFile; fileRef = 119726501521E571002AF83F /* QuartzCore.framework */; };
		119726531521E571002AF83F /* SystemConfiguration.framework in Frameworks */ = {isa = PBXBuildFile; fileRef = 119726521521E571002AF83F /* SystemConfiguration.framework */; };
		119726551521E571002AF83F /* MobileCoreServices.framework in Frameworks */ = {isa = PBXBuildFile; fileRef = 119726541521E571002AF83F /* MobileCoreServices.framework */; };
		119726571521E571002AF83F /* CoreMedia.framework in Frameworks */ = {isa = PBXBuildFile; fileRef = 119726561521E571002AF83F /* CoreMedia.framework */; };
		1197265D1521E571002AF83F /* InfoPlist.strings in Resources */ = {isa = PBXBuildFile; fileRef = 1197265B1521E571002AF83F /* InfoPlist.strings */; };
		1197265F1521E571002AF83F /* main.m in Sources */ = {isa = PBXBuildFile; fileRef = 1197265E1521E571002AF83F /* main.m */; };
		119726621521E571002AF83F /* Cordova.framework in Frameworks */ = {isa = PBXBuildFile; fileRef = 119726611521E571002AF83F /* Cordova.framework */; };
		119726671521E571002AF83F /* Localizable.strings in Resources */ = {isa = PBXBuildFile; fileRef = 119726651521E571002AF83F /* Localizable.strings */; };
		1197266B1521E571002AF83F /* Localizable.strings in Resources */ = {isa = PBXBuildFile; fileRef = 119726691521E571002AF83F /* Localizable.strings */; };
		1197266F1521E571002AF83F /* Localizable.strings in Resources */ = {isa = PBXBuildFile; fileRef = 1197266D1521E571002AF83F /* Localizable.strings */; };
		119726731521E571002AF83F /* Localizable.strings in Resources */ = {isa = PBXBuildFile; fileRef = 119726711521E571002AF83F /* Localizable.strings */; };
		119726761521E571002AF83F /* icon.png in Resources */ = {isa = PBXBuildFile; fileRef = 119726751521E571002AF83F /* icon.png */; };
		119726781521E571002AF83F /* icon@2x.png in Resources */ = {isa = PBXBuildFile; fileRef = 119726771521E571002AF83F /* icon@2x.png */; };
		1197267A1521E571002AF83F /* icon-72.png in Resources */ = {isa = PBXBuildFile; fileRef = 119726791521E571002AF83F /* icon-72.png */; };
		1197267D1521E571002AF83F /* Default.png in Resources */ = {isa = PBXBuildFile; fileRef = 1197267C1521E571002AF83F /* Default.png */; };
		1197267F1521E571002AF83F /* Default@2x.png in Resources */ = {isa = PBXBuildFile; fileRef = 1197267E1521E571002AF83F /* Default@2x.png */; };
		119726811521E571002AF83F /* Capture.bundle in Resources */ = {isa = PBXBuildFile; fileRef = 119726801521E571002AF83F /* Capture.bundle */; };
		119726831521E571002AF83F /* Cordova.plist in Resources */ = {isa = PBXBuildFile; fileRef = 119726821521E571002AF83F /* Cordova.plist */; };
		119726871521E571002AF83F /* AppDelegate.m in Sources */ = {isa = PBXBuildFile; fileRef = 119726861521E571002AF83F /* AppDelegate.m */; };
		1197268A1521E571002AF83F /* MainViewController.m in Sources */ = {isa = PBXBuildFile; fileRef = 119726891521E571002AF83F /* MainViewController.m */; };
		1197268C1521E571002AF83F /* MainViewController.xib in Resources */ = {isa = PBXBuildFile; fileRef = 1197268B1521E571002AF83F /* MainViewController.xib */; };
		119726901521E571002AF83F /* verify.sh in Resources */ = {isa = PBXBuildFile; fileRef = 1197268F1521E571002AF83F /* verify.sh */; };
		1197269C1521E5C6002AF83F /* www in Resources */ = {isa = PBXBuildFile; fileRef = 1197269B1521E5C6002AF83F /* www */; };
		119728051521E5D1002AF83F /* HCClient.m in Sources */ = {isa = PBXBuildFile; fileRef = 1197269F1521E5D1002AF83F /* HCClient.m */; };
		119728061521E5D1002AF83F /* HCMessage.m in Sources */ = {isa = PBXBuildFile; fileRef = 119726A21521E5D1002AF83F /* HCMessage.m */; };
		119728071521E5D1002AF83F /* HCGatewayOptions.m in Sources */ = {isa = PBXBuildFile; fileRef = 119726A51521E5D1002AF83F /* HCGatewayOptions.m */; };
		119728081521E5D1002AF83F /* HCOptions.m in Sources */ = {isa = PBXBuildFile; fileRef = 119726A71521E5D1002AF83F /* HCOptions.m */; };
		119728091521E5D1002AF83F /* HCSocketIOOptions.m in Sources */ = {isa = PBXBuildFile; fileRef = 119726A91521E5D1002AF83F /* HCSocketIOOptions.m */; };
		1197280A1521E5D1002AF83F /* HCXmppOptions.m in Sources */ = {isa = PBXBuildFile; fileRef = 119726AB1521E5D1002AF83F /* HCXmppOptions.m */; };
		1197280B1521E5D1002AF83F /* HCXmpp+XMPPStreamDelegate.m in Sources */ = {isa = PBXBuildFile; fileRef = 119726AF1521E5D1002AF83F /* HCXmpp+XMPPStreamDelegate.m */; };
		1197280C1521E5D1002AF83F /* HCReachability.m in Sources */ = {isa = PBXBuildFile; fileRef = 119726B21521E5D1002AF83F /* HCReachability.m */; };
		1197280D1521E5D1002AF83F /* HCReconnect.m in Sources */ = {isa = PBXBuildFile; fileRef = 119726B41521E5D1002AF83F /* HCReconnect.m */; };
		1197280E1521E5D1002AF83F /* HCSocketIO+HCReconnectDelegate.m in Sources */ = {isa = PBXBuildFile; fileRef = 119726B61521E5D1002AF83F /* HCSocketIO+HCReconnectDelegate.m */; };
		1197280F1521E5D1002AF83F /* HCSocketIO+HCTransportProtocol.m in Sources */ = {isa = PBXBuildFile; fileRef = 119726B81521E5D1002AF83F /* HCSocketIO+HCTransportProtocol.m */; };
		119728101521E5D1002AF83F /* HCSocketIO+Helper.m in Sources */ = {isa = PBXBuildFile; fileRef = 119726BA1521E5D1002AF83F /* HCSocketIO+Helper.m */; };
		119728111521E5D1002AF83F /* HCSocketIO+SocketIODelegate.m in Sources */ = {isa = PBXBuildFile; fileRef = 119726BC1521E5D1002AF83F /* HCSocketIO+SocketIODelegate.m */; };
		119728121521E5D1002AF83F /* HCSocketIO.m in Sources */ = {isa = PBXBuildFile; fileRef = 119726BE1521E5D1002AF83F /* HCSocketIO.m */; };
		119728131521E5D1002AF83F /* HCXmpp+HCTransportProtocol.m in Sources */ = {isa = PBXBuildFile; fileRef = 119726C21521E5D1002AF83F /* HCXmpp+HCTransportProtocol.m */; };
		119728141521E5D1002AF83F /* HCXmpp+XMPPPubSubDelegate.m in Sources */ = {isa = PBXBuildFile; fileRef = 119726C41521E5D1002AF83F /* HCXmpp+XMPPPubSubDelegate.m */; };
		119728151521E5D1002AF83F /* HCXmpp+XMPPUtils.m in Sources */ = {isa = PBXBuildFile; fileRef = 119726C61521E5D1002AF83F /* HCXmpp+XMPPUtils.m */; };
		119728161521E5D1002AF83F /* HCXmpp.m in Sources */ = {isa = PBXBuildFile; fileRef = 119726C81521E5D1002AF83F /* HCXmpp.m */; };
		119728171521E5D1002AF83F /* HCUtils.m in Sources */ = {isa = PBXBuildFile; fileRef = 119726CD1521E5D1002AF83F /* HCUtils.m */; };
		1197289F1521E660002AF83F /* libxml2.dylib in Frameworks */ = {isa = PBXBuildFile; fileRef = 1197289E1521E660002AF83F /* libxml2.dylib */; };
		119728A11521E66D002AF83F /* libresolv.dylib in Frameworks */ = {isa = PBXBuildFile; fileRef = 119728A01521E66D002AF83F /* libresolv.dylib */; };
		119728A61521E9F3002AF83F /* CFNetwork.framework in Frameworks */ = {isa = PBXBuildFile; fileRef = 119728A41521E9E5002AF83F /* CFNetwork.framework */; };
		11D4322A1522FE50004BE1F1 /* hcoptions.plist in Resources */ = {isa = PBXBuildFile; fileRef = 11D432291522FE50004BE1F1 /* hcoptions.plist */; };
		C55BA2AE1530FFB300782699 /* WebSocket.m in Sources */ = {isa = PBXBuildFile; fileRef = C55BA1951530FFB300782699 /* WebSocket.m */; };
		C55BA2AF1530FFB300782699 /* GCDAsyncSocket.m in Sources */ = {isa = PBXBuildFile; fileRef = C55BA1981530FFB300782699 /* GCDAsyncSocket.m */; };
		C55BA2B01530FFB300782699 /* DDAbstractDatabaseLogger.m in Sources */ = {isa = PBXBuildFile; fileRef = C55BA19B1530FFB300782699 /* DDAbstractDatabaseLogger.m */; };
		C55BA2B11530FFB300782699 /* DDASLLogger.m in Sources */ = {isa = PBXBuildFile; fileRef = C55BA19D1530FFB300782699 /* DDASLLogger.m */; };
		C55BA2B21530FFB300782699 /* DDFileLogger.m in Sources */ = {isa = PBXBuildFile; fileRef = C55BA19F1530FFB300782699 /* DDFileLogger.m */; };
		C55BA2B31530FFB300782699 /* DDLog.m in Sources */ = {isa = PBXBuildFile; fileRef = C55BA1A11530FFB300782699 /* DDLog.m */; };
		C55BA2B41530FFB300782699 /* DDTTYLogger.m in Sources */ = {isa = PBXBuildFile; fileRef = C55BA1A31530FFB300782699 /* DDTTYLogger.m */; };
		C55BA2B51530FFB300782699 /* ContextFilterLogFormatter.m in Sources */ = {isa = PBXBuildFile; fileRef = C55BA1A61530FFB300782699 /* ContextFilterLogFormatter.m */; };
		C55BA2B61530FFB300782699 /* DispatchQueueLogFormatter.m in Sources */ = {isa = PBXBuildFile; fileRef = C55BA1A81530FFB300782699 /* DispatchQueueLogFormatter.m */; };
		C55BA2B71530FFB300782699 /* README.txt in Resources */ = {isa = PBXBuildFile; fileRef = C55BA1A91530FFB300782699 /* README.txt */; };
		C55BA2B91530FFB300782699 /* NSObject+SBJson.m in Sources */ = {isa = PBXBuildFile; fileRef = C55BA1AE1530FFB300782699 /* NSObject+SBJson.m */; };
		C55BA2BA1530FFB300782699 /* SBJsonParser.m in Sources */ = {isa = PBXBuildFile; fileRef = C55BA1B11530FFB300782699 /* SBJsonParser.m */; };
		C55BA2BB1530FFB300782699 /* SBJsonStreamParser.m in Sources */ = {isa = PBXBuildFile; fileRef = C55BA1B31530FFB300782699 /* SBJsonStreamParser.m */; };
		C55BA2BC1530FFB300782699 /* SBJsonStreamParserAccumulator.m in Sources */ = {isa = PBXBuildFile; fileRef = C55BA1B51530FFB300782699 /* SBJsonStreamParserAccumulator.m */; };
		C55BA2BD1530FFB300782699 /* SBJsonStreamParserAdapter.m in Sources */ = {isa = PBXBuildFile; fileRef = C55BA1B71530FFB300782699 /* SBJsonStreamParserAdapter.m */; };
		C55BA2BE1530FFB300782699 /* SBJsonStreamParserState.m in Sources */ = {isa = PBXBuildFile; fileRef = C55BA1B91530FFB300782699 /* SBJsonStreamParserState.m */; };
		C55BA2BF1530FFB300782699 /* SBJsonStreamWriter.m in Sources */ = {isa = PBXBuildFile; fileRef = C55BA1BB1530FFB300782699 /* SBJsonStreamWriter.m */; };
		C55BA2C01530FFB300782699 /* SBJsonStreamWriterAccumulator.m in Sources */ = {isa = PBXBuildFile; fileRef = C55BA1BD1530FFB300782699 /* SBJsonStreamWriterAccumulator.m */; };
		C55BA2C11530FFB300782699 /* SBJsonStreamWriterState.m in Sources */ = {isa = PBXBuildFile; fileRef = C55BA1BF1530FFB300782699 /* SBJsonStreamWriterState.m */; };
		C55BA2C21530FFB300782699 /* SBJsonTokeniser.m in Sources */ = {isa = PBXBuildFile; fileRef = C55BA1C11530FFB300782699 /* SBJsonTokeniser.m */; };
		C55BA2C31530FFB300782699 /* SBJsonUTF8Stream.m in Sources */ = {isa = PBXBuildFile; fileRef = C55BA1C31530FFB300782699 /* SBJsonUTF8Stream.m */; };
		C55BA2C41530FFB300782699 /* SBJsonWriter.m in Sources */ = {isa = PBXBuildFile; fileRef = C55BA1C51530FFB300782699 /* SBJsonWriter.m */; };
		C55BA2C81530FFB300782699 /* NSString+DDXML.m in Sources */ = {isa = PBXBuildFile; fileRef = C55BA1CC1530FFB300782699 /* NSString+DDXML.m */; };
		C55BA2C91530FFB300782699 /* DDXMLDocument.m in Sources */ = {isa = PBXBuildFile; fileRef = C55BA1CF1530FFB300782699 /* DDXMLDocument.m */; };
		C55BA2CA1530FFB300782699 /* DDXMLElement.m in Sources */ = {isa = PBXBuildFile; fileRef = C55BA1D11530FFB300782699 /* DDXMLElement.m */; };
		C55BA2CB1530FFB300782699 /* DDXMLNode.m in Sources */ = {isa = PBXBuildFile; fileRef = C55BA1D31530FFB300782699 /* DDXMLNode.m */; };
		C55BA2CD1530FFB300782699 /* libidn.a in Frameworks */ = {isa = PBXBuildFile; fileRef = C55BA1D91530FFB300782699 /* libidn.a */; };
		C55BA2D01530FFB300782699 /* SocketIO.m in Sources */ = {isa = PBXBuildFile; fileRef = C55BA1DF1530FFB300782699 /* SocketIO.m */; };
		C55BA2D41530FFB300782699 /* NSData+XMPP.m in Sources */ = {isa = PBXBuildFile; fileRef = C55BA1E61530FFB300782699 /* NSData+XMPP.m */; };
		C55BA2D51530FFB300782699 /* NSNumber+XMPP.m in Sources */ = {isa = PBXBuildFile; fileRef = C55BA1E81530FFB300782699 /* NSNumber+XMPP.m */; };
		C55BA2D61530FFB300782699 /* NSXMLElement+XMPP.m in Sources */ = {isa = PBXBuildFile; fileRef = C55BA1EA1530FFB300782699 /* NSXMLElement+XMPP.m */; };
		C55BA2D81530FFB300782699 /* XMPPElement.m in Sources */ = {isa = PBXBuildFile; fileRef = C55BA1EF1530FFB300782699 /* XMPPElement.m */; };
		C55BA2D91530FFB300782699 /* XMPPIQ.m in Sources */ = {isa = PBXBuildFile; fileRef = C55BA1F31530FFB300782699 /* XMPPIQ.m */; };
		C55BA2DA1530FFB300782699 /* XMPPJID.m in Sources */ = {isa = PBXBuildFile; fileRef = C55BA1F51530FFB300782699 /* XMPPJID.m */; };
		C55BA2DB1530FFB300782699 /* XMPPMessage.m in Sources */ = {isa = PBXBuildFile; fileRef = C55BA1F81530FFB300782699 /* XMPPMessage.m */; };
		C55BA2DC1530FFB300782699 /* XMPPModule.m in Sources */ = {isa = PBXBuildFile; fileRef = C55BA1FA1530FFB300782699 /* XMPPModule.m */; };
		C55BA2DD1530FFB300782699 /* XMPPParser.m in Sources */ = {isa = PBXBuildFile; fileRef = C55BA1FC1530FFB300782699 /* XMPPParser.m */; };
		C55BA2DE1530FFB300782699 /* XMPPPresence.m in Sources */ = {isa = PBXBuildFile; fileRef = C55BA1FE1530FFB300782699 /* XMPPPresence.m */; };
		C55BA2DF1530FFB300782699 /* XMPPStream.m in Sources */ = {isa = PBXBuildFile; fileRef = C55BA2001530FFB300782699 /* XMPPStream.m */; };
		C55BA30A1530FFB300782699 /* XMPPPubSub.m in Sources */ = {isa = PBXBuildFile; fileRef = C55BA26D1530FFB300782699 /* XMPPPubSub.m */; };
		C55BA31D1530FFB300782699 /* DDList.m in Sources */ = {isa = PBXBuildFile; fileRef = C55BA29D1530FFB300782699 /* DDList.m */; };
		C55BA31E1530FFB300782699 /* GCDMulticastDelegate.m in Sources */ = {isa = PBXBuildFile; fileRef = C55BA29F1530FFB300782699 /* GCDMulticastDelegate.m */; };
		C55BA31F1530FFB300782699 /* LibIDN.m in Sources */ = {isa = PBXBuildFile; fileRef = C55BA2A11530FFB300782699 /* LibIDN.m */; };
		C55BA3201530FFB300782699 /* RFImageToDataTransformer.m in Sources */ = {isa = PBXBuildFile; fileRef = C55BA2A31530FFB300782699 /* RFImageToDataTransformer.m */; };
		C55BA3211530FFB300782699 /* XMPPDigestAuthentication.m in Sources */ = {isa = PBXBuildFile; fileRef = C55BA2A51530FFB300782699 /* XMPPDigestAuthentication.m */; };
		C55BA3221530FFB300782699 /* XMPPIDTracker.m in Sources */ = {isa = PBXBuildFile; fileRef = C55BA2A71530FFB300782699 /* XMPPIDTracker.m */; };
		C55BA3231530FFB300782699 /* XMPPSRVResolver.m in Sources */ = {isa = PBXBuildFile; fileRef = C55BA2AA1530FFB300782699 /* XMPPSRVResolver.m */; };
		C55BA3241530FFB300782699 /* XMPPXFacebookPlatformAuthentication.m in Sources */ = {isa = PBXBuildFile; fileRef = C55BA2AC1530FFB300782699 /* XMPPXFacebookPlatformAuthentication.m */; };
		C55BA32B1531009000782699 /* Security.framework in Frameworks */ = {isa = PBXBuildFile; fileRef = C55BA3291531007B00782699 /* Security.framework */; };
		C55BA32D1531010C00782699 /* hcoptions.plist in Resources */ = {isa = PBXBuildFile; fileRef = C55BA32C1531010C00782699 /* hcoptions.plist */; };
		C563169D1524E39000902F24 /* HCPhoneGapClient.js in CopyFiles */ = {isa = PBXBuildFile; fileRef = 110A40031524942500C1EDDA /* HCPhoneGapClient.js */; };
/* End PBXBuildFile section */

/* Begin PBXCopyFilesBuildPhase section */
		119728B71521F2CD002AF83F /* CopyFiles */ = {
			isa = PBXCopyFilesBuildPhase;
			buildActionMask = 12;
			dstPath = www;
			dstSubfolderSpec = 6;
			files = (
				C563169D1524E39000902F24 /* HCPhoneGapClient.js in CopyFiles */,
			);
			runOnlyForDeploymentPostprocessing = 0;
		};
/* End PBXCopyFilesBuildPhase section */

/* Begin PBXFileReference section */
		110A3FF51524890900C1EDDA /* HCXmpp+HCReconnectDelegate.h */ = {isa = PBXFileReference; fileEncoding = 4; lastKnownFileType = sourcecode.c.h; path = "HCXmpp+HCReconnectDelegate.h"; sourceTree = "<group>"; };
		110A3FF61524890900C1EDDA /* HCXmpp+HCReconnectDelegate.m */ = {isa = PBXFileReference; fileEncoding = 4; lastKnownFileType = sourcecode.c.objc; path = "HCXmpp+HCReconnectDelegate.m"; sourceTree = "<group>"; };
		110A40011524942500C1EDDA /* HCOptions+HCPhoneGapUtil.h */ = {isa = PBXFileReference; fileEncoding = 4; lastKnownFileType = sourcecode.c.h; path = "HCOptions+HCPhoneGapUtil.h"; sourceTree = "<group>"; };
		110A40021524942500C1EDDA /* HCOptions+HCPhoneGapUtil.m */ = {isa = PBXFileReference; fileEncoding = 4; lastKnownFileType = sourcecode.c.objc; path = "HCOptions+HCPhoneGapUtil.m"; sourceTree = "<group>"; };
		110A40031524942500C1EDDA /* HCPhoneGapClient.js */ = {isa = PBXFileReference; fileEncoding = 4; lastKnownFileType = sourcecode.javascript; path = HCPhoneGapClient.js; sourceTree = "<group>"; };
		110A40041524942500C1EDDA /* HCPhoneGapClientCommand.h */ = {isa = PBXFileReference; fileEncoding = 4; lastKnownFileType = sourcecode.c.h; path = HCPhoneGapClientCommand.h; sourceTree = "<group>"; };
		110A40051524942500C1EDDA /* HCPhoneGapClientCommand.m */ = {isa = PBXFileReference; fileEncoding = 4; lastKnownFileType = sourcecode.c.objc; path = HCPhoneGapClientCommand.m; sourceTree = "<group>"; };
		1197263A1521E571002AF83F /* PhoneGapClient.app */ = {isa = PBXFileReference; explicitFileType = wrapper.application; includeInIndex = 0; path = PhoneGapClient.app; sourceTree = BUILT_PRODUCTS_DIR; };
		1197263E1521E571002AF83F /* Foundation.framework */ = {isa = PBXFileReference; lastKnownFileType = wrapper.framework; name = Foundation.framework; path = System/Library/Frameworks/Foundation.framework; sourceTree = SDKROOT; };
		119726401521E571002AF83F /* UIKit.framework */ = {isa = PBXFileReference; lastKnownFileType = wrapper.framework; name = UIKit.framework; path = System/Library/Frameworks/UIKit.framework; sourceTree = SDKROOT; };
		119726421521E571002AF83F /* CoreGraphics.framework */ = {isa = PBXFileReference; lastKnownFileType = wrapper.framework; name = CoreGraphics.framework; path = System/Library/Frameworks/CoreGraphics.framework; sourceTree = SDKROOT; };
		119726441521E571002AF83F /* AddressBook.framework */ = {isa = PBXFileReference; lastKnownFileType = wrapper.framework; name = AddressBook.framework; path = System/Library/Frameworks/AddressBook.framework; sourceTree = SDKROOT; };
		119726461521E571002AF83F /* AddressBookUI.framework */ = {isa = PBXFileReference; lastKnownFileType = wrapper.framework; name = AddressBookUI.framework; path = System/Library/Frameworks/AddressBookUI.framework; sourceTree = SDKROOT; };
		119726481521E571002AF83F /* AudioToolbox.framework */ = {isa = PBXFileReference; lastKnownFileType = wrapper.framework; name = AudioToolbox.framework; path = System/Library/Frameworks/AudioToolbox.framework; sourceTree = SDKROOT; };
		1197264A1521E571002AF83F /* AVFoundation.framework */ = {isa = PBXFileReference; lastKnownFileType = wrapper.framework; name = AVFoundation.framework; path = System/Library/Frameworks/AVFoundation.framework; sourceTree = SDKROOT; };
		1197264C1521E571002AF83F /* CoreLocation.framework */ = {isa = PBXFileReference; lastKnownFileType = wrapper.framework; name = CoreLocation.framework; path = System/Library/Frameworks/CoreLocation.framework; sourceTree = SDKROOT; };
		1197264E1521E571002AF83F /* MediaPlayer.framework */ = {isa = PBXFileReference; lastKnownFileType = wrapper.framework; name = MediaPlayer.framework; path = System/Library/Frameworks/MediaPlayer.framework; sourceTree = SDKROOT; };
		119726501521E571002AF83F /* QuartzCore.framework */ = {isa = PBXFileReference; lastKnownFileType = wrapper.framework; name = QuartzCore.framework; path = System/Library/Frameworks/QuartzCore.framework; sourceTree = SDKROOT; };
		119726521521E571002AF83F /* SystemConfiguration.framework */ = {isa = PBXFileReference; lastKnownFileType = wrapper.framework; name = SystemConfiguration.framework; path = System/Library/Frameworks/SystemConfiguration.framework; sourceTree = SDKROOT; };
		119726541521E571002AF83F /* MobileCoreServices.framework */ = {isa = PBXFileReference; lastKnownFileType = wrapper.framework; name = MobileCoreServices.framework; path = System/Library/Frameworks/MobileCoreServices.framework; sourceTree = SDKROOT; };
		119726561521E571002AF83F /* CoreMedia.framework */ = {isa = PBXFileReference; lastKnownFileType = wrapper.framework; name = CoreMedia.framework; path = System/Library/Frameworks/CoreMedia.framework; sourceTree = SDKROOT; };
		1197265A1521E571002AF83F /* PhoneGapClient-Info.plist */ = {isa = PBXFileReference; lastKnownFileType = text.plist.xml; path = "PhoneGapClient-Info.plist"; sourceTree = "<group>"; };
		1197265C1521E571002AF83F /* en */ = {isa = PBXFileReference; lastKnownFileType = text.plist.strings; name = en; path = en.lproj/InfoPlist.strings; sourceTree = "<group>"; };
		1197265E1521E571002AF83F /* main.m */ = {isa = PBXFileReference; lastKnownFileType = sourcecode.c.objc; path = main.m; sourceTree = "<group>"; };
		119726601521E571002AF83F /* PhoneGapClient-Prefix.pch */ = {isa = PBXFileReference; lastKnownFileType = sourcecode.c.h; path = "PhoneGapClient-Prefix.pch"; sourceTree = "<group>"; };
		119726611521E571002AF83F /* Cordova.framework */ = {isa = PBXFileReference; lastKnownFileType = wrapper.framework; name = Cordova.framework; path = /Users/Shared/Cordova/Frameworks/Cordova.framework; sourceTree = "<absolute>"; };
		119726661521E571002AF83F /* en */ = {isa = PBXFileReference; lastKnownFileType = text.plist.strings; name = en; path = Resources/en.lproj/Localizable.strings; sourceTree = "<group>"; };
		1197266A1521E571002AF83F /* es */ = {isa = PBXFileReference; lastKnownFileType = text.plist.strings; name = es; path = Resources/es.lproj/Localizable.strings; sourceTree = "<group>"; };
		1197266E1521E571002AF83F /* de */ = {isa = PBXFileReference; lastKnownFileType = text.plist.strings; name = de; path = Resources/de.lproj/Localizable.strings; sourceTree = "<group>"; };
		119726721521E571002AF83F /* se */ = {isa = PBXFileReference; lastKnownFileType = text.plist.strings; name = se; path = Resources/se.lproj/Localizable.strings; sourceTree = "<group>"; };
		119726751521E571002AF83F /* icon.png */ = {isa = PBXFileReference; lastKnownFileType = image.png; name = icon.png; path = Resources/icons/icon.png; sourceTree = "<group>"; };
		119726771521E571002AF83F /* icon@2x.png */ = {isa = PBXFileReference; lastKnownFileType = image.png; name = "icon@2x.png"; path = "Resources/icons/icon@2x.png"; sourceTree = "<group>"; };
		119726791521E571002AF83F /* icon-72.png */ = {isa = PBXFileReference; lastKnownFileType = image.png; name = "icon-72.png"; path = "Resources/icons/icon-72.png"; sourceTree = "<group>"; };
		1197267C1521E571002AF83F /* Default.png */ = {isa = PBXFileReference; lastKnownFileType = image.png; name = Default.png; path = Resources/splash/Default.png; sourceTree = "<group>"; };
		1197267E1521E571002AF83F /* Default@2x.png */ = {isa = PBXFileReference; lastKnownFileType = image.png; name = "Default@2x.png"; path = "Resources/splash/Default@2x.png"; sourceTree = "<group>"; };
		119726801521E571002AF83F /* Capture.bundle */ = {isa = PBXFileReference; lastKnownFileType = "wrapper.plug-in"; name = Capture.bundle; path = Resources/Capture.bundle; sourceTree = "<group>"; };
		119726821521E571002AF83F /* Cordova.plist */ = {isa = PBXFileReference; lastKnownFileType = text.plist.xml; path = Cordova.plist; sourceTree = "<group>"; };
		119726851521E571002AF83F /* AppDelegate.h */ = {isa = PBXFileReference; lastKnownFileType = sourcecode.c.h; name = AppDelegate.h; path = Classes/AppDelegate.h; sourceTree = "<group>"; };
		119726861521E571002AF83F /* AppDelegate.m */ = {isa = PBXFileReference; lastKnownFileType = sourcecode.c.objc; name = AppDelegate.m; path = Classes/AppDelegate.m; sourceTree = "<group>"; };
		119726881521E571002AF83F /* MainViewController.h */ = {isa = PBXFileReference; lastKnownFileType = sourcecode.c.h; name = MainViewController.h; path = Classes/MainViewController.h; sourceTree = "<group>"; };
		119726891521E571002AF83F /* MainViewController.m */ = {isa = PBXFileReference; lastKnownFileType = sourcecode.c.objc; name = MainViewController.m; path = Classes/MainViewController.m; sourceTree = "<group>"; };
		1197268B1521E571002AF83F /* MainViewController.xib */ = {isa = PBXFileReference; lastKnownFileType = file.xib; name = MainViewController.xib; path = Classes/MainViewController.xib; sourceTree = "<group>"; };
		1197268F1521E571002AF83F /* verify.sh */ = {isa = PBXFileReference; lastKnownFileType = text.script.sh; path = verify.sh; sourceTree = "<group>"; };
		1197269B1521E5C6002AF83F /* www */ = {isa = PBXFileReference; lastKnownFileType = folder; path = www; sourceTree = SOURCE_ROOT; };
		1197269E1521E5D1002AF83F /* HCClient.h */ = {isa = PBXFileReference; fileEncoding = 4; lastKnownFileType = sourcecode.c.h; path = HCClient.h; sourceTree = "<group>"; };
		1197269F1521E5D1002AF83F /* HCClient.m */ = {isa = PBXFileReference; fileEncoding = 4; lastKnownFileType = sourcecode.c.objc; path = HCClient.m; sourceTree = "<group>"; };
		119726A01521E5D1002AF83F /* HCErrors.h */ = {isa = PBXFileReference; fileEncoding = 4; lastKnownFileType = sourcecode.c.h; path = HCErrors.h; sourceTree = "<group>"; };
		119726A11521E5D1002AF83F /* HCMessage.h */ = {isa = PBXFileReference; fileEncoding = 4; lastKnownFileType = sourcecode.c.h; path = HCMessage.h; sourceTree = "<group>"; };
		119726A21521E5D1002AF83F /* HCMessage.m */ = {isa = PBXFileReference; fileEncoding = 4; lastKnownFileType = sourcecode.c.objc; path = HCMessage.m; sourceTree = "<group>"; };
		119726A41521E5D1002AF83F /* HCGatewayOptions.h */ = {isa = PBXFileReference; fileEncoding = 4; lastKnownFileType = sourcecode.c.h; path = HCGatewayOptions.h; sourceTree = "<group>"; };
		119726A51521E5D1002AF83F /* HCGatewayOptions.m */ = {isa = PBXFileReference; fileEncoding = 4; lastKnownFileType = sourcecode.c.objc; path = HCGatewayOptions.m; sourceTree = "<group>"; };
		119726A61521E5D1002AF83F /* HCOptions.h */ = {isa = PBXFileReference; fileEncoding = 4; lastKnownFileType = sourcecode.c.h; path = HCOptions.h; sourceTree = "<group>"; };
		119726A71521E5D1002AF83F /* HCOptions.m */ = {isa = PBXFileReference; fileEncoding = 4; lastKnownFileType = sourcecode.c.objc; path = HCOptions.m; sourceTree = "<group>"; };
		119726A81521E5D1002AF83F /* HCSocketIOOptions.h */ = {isa = PBXFileReference; fileEncoding = 4; lastKnownFileType = sourcecode.c.h; path = HCSocketIOOptions.h; sourceTree = "<group>"; };
		119726A91521E5D1002AF83F /* HCSocketIOOptions.m */ = {isa = PBXFileReference; fileEncoding = 4; lastKnownFileType = sourcecode.c.objc; path = HCSocketIOOptions.m; sourceTree = "<group>"; };
		119726AA1521E5D1002AF83F /* HCXmppOptions.h */ = {isa = PBXFileReference; fileEncoding = 4; lastKnownFileType = sourcecode.c.h; path = HCXmppOptions.h; sourceTree = "<group>"; };
		119726AB1521E5D1002AF83F /* HCXmppOptions.m */ = {isa = PBXFileReference; fileEncoding = 4; lastKnownFileType = sourcecode.c.objc; path = HCXmppOptions.m; sourceTree = "<group>"; };
		119726AD1521E5D1002AF83F /* HCTransport.h */ = {isa = PBXFileReference; fileEncoding = 4; lastKnownFileType = sourcecode.c.h; path = HCTransport.h; sourceTree = "<group>"; };
		119726AE1521E5D1002AF83F /* HCXmpp+XMPPStreamDelegate.h */ = {isa = PBXFileReference; fileEncoding = 4; lastKnownFileType = sourcecode.c.h; name = "HCXmpp+XMPPStreamDelegate.h"; path = "../HCXmpp+XMPPStreamDelegate.h"; sourceTree = "<group>"; };
		119726AF1521E5D1002AF83F /* HCXmpp+XMPPStreamDelegate.m */ = {isa = PBXFileReference; fileEncoding = 4; lastKnownFileType = sourcecode.c.objc; name = "HCXmpp+XMPPStreamDelegate.m"; path = "../HCXmpp+XMPPStreamDelegate.m"; sourceTree = "<group>"; };
		119726B11521E5D1002AF83F /* HCReachability.h */ = {isa = PBXFileReference; fileEncoding = 4; lastKnownFileType = sourcecode.c.h; path = HCReachability.h; sourceTree = "<group>"; };
		119726B21521E5D1002AF83F /* HCReachability.m */ = {isa = PBXFileReference; fileEncoding = 4; lastKnownFileType = sourcecode.c.objc; path = HCReachability.m; sourceTree = "<group>"; };
		119726B31521E5D1002AF83F /* HCReconnect.h */ = {isa = PBXFileReference; fileEncoding = 4; lastKnownFileType = sourcecode.c.h; name = HCReconnect.h; path = socketio/HCReconnect.h; sourceTree = "<group>"; };
		119726B41521E5D1002AF83F /* HCReconnect.m */ = {isa = PBXFileReference; fileEncoding = 4; lastKnownFileType = sourcecode.c.objc; name = HCReconnect.m; path = socketio/HCReconnect.m; sourceTree = "<group>"; };
		119726B51521E5D1002AF83F /* HCSocketIO+HCReconnectDelegate.h */ = {isa = PBXFileReference; fileEncoding = 4; lastKnownFileType = sourcecode.c.h; path = "HCSocketIO+HCReconnectDelegate.h"; sourceTree = "<group>"; };
		119726B61521E5D1002AF83F /* HCSocketIO+HCReconnectDelegate.m */ = {isa = PBXFileReference; fileEncoding = 4; lastKnownFileType = sourcecode.c.objc; path = "HCSocketIO+HCReconnectDelegate.m"; sourceTree = "<group>"; };
		119726B71521E5D1002AF83F /* HCSocketIO+HCTransportProtocol.h */ = {isa = PBXFileReference; fileEncoding = 4; lastKnownFileType = sourcecode.c.h; path = "HCSocketIO+HCTransportProtocol.h"; sourceTree = "<group>"; };
		119726B81521E5D1002AF83F /* HCSocketIO+HCTransportProtocol.m */ = {isa = PBXFileReference; fileEncoding = 4; lastKnownFileType = sourcecode.c.objc; path = "HCSocketIO+HCTransportProtocol.m"; sourceTree = "<group>"; };
		119726B91521E5D1002AF83F /* HCSocketIO+Helper.h */ = {isa = PBXFileReference; fileEncoding = 4; lastKnownFileType = sourcecode.c.h; path = "HCSocketIO+Helper.h"; sourceTree = "<group>"; };
		119726BA1521E5D1002AF83F /* HCSocketIO+Helper.m */ = {isa = PBXFileReference; fileEncoding = 4; lastKnownFileType = sourcecode.c.objc; path = "HCSocketIO+Helper.m"; sourceTree = "<group>"; };
		119726BB1521E5D1002AF83F /* HCSocketIO+SocketIODelegate.h */ = {isa = PBXFileReference; fileEncoding = 4; lastKnownFileType = sourcecode.c.h; path = "HCSocketIO+SocketIODelegate.h"; sourceTree = "<group>"; };
		119726BC1521E5D1002AF83F /* HCSocketIO+SocketIODelegate.m */ = {isa = PBXFileReference; fileEncoding = 4; lastKnownFileType = sourcecode.c.objc; path = "HCSocketIO+SocketIODelegate.m"; sourceTree = "<group>"; };
		119726BD1521E5D1002AF83F /* HCSocketIO.h */ = {isa = PBXFileReference; fileEncoding = 4; lastKnownFileType = sourcecode.c.h; path = HCSocketIO.h; sourceTree = "<group>"; };
		119726BE1521E5D1002AF83F /* HCSocketIO.m */ = {isa = PBXFileReference; fileEncoding = 4; lastKnownFileType = sourcecode.c.objc; path = HCSocketIO.m; sourceTree = "<group>"; };
		119726BF1521E5D1002AF83F /* HCSocketIOTransport.h */ = {isa = PBXFileReference; fileEncoding = 4; lastKnownFileType = sourcecode.c.h; path = HCSocketIOTransport.h; sourceTree = "<group>"; };
		119726C11521E5D1002AF83F /* HCXmpp+HCTransportProtocol.h */ = {isa = PBXFileReference; fileEncoding = 4; lastKnownFileType = sourcecode.c.h; path = "HCXmpp+HCTransportProtocol.h"; sourceTree = "<group>"; };
		119726C21521E5D1002AF83F /* HCXmpp+HCTransportProtocol.m */ = {isa = PBXFileReference; fileEncoding = 4; lastKnownFileType = sourcecode.c.objc; path = "HCXmpp+HCTransportProtocol.m"; sourceTree = "<group>"; };
		119726C31521E5D1002AF83F /* HCXmpp+XMPPPubSubDelegate.h */ = {isa = PBXFileReference; fileEncoding = 4; lastKnownFileType = sourcecode.c.h; path = "HCXmpp+XMPPPubSubDelegate.h"; sourceTree = "<group>"; };
		119726C41521E5D1002AF83F /* HCXmpp+XMPPPubSubDelegate.m */ = {isa = PBXFileReference; fileEncoding = 4; lastKnownFileType = sourcecode.c.objc; path = "HCXmpp+XMPPPubSubDelegate.m"; sourceTree = "<group>"; };
		119726C51521E5D1002AF83F /* HCXmpp+XMPPUtils.h */ = {isa = PBXFileReference; fileEncoding = 4; lastKnownFileType = sourcecode.c.h; path = "HCXmpp+XMPPUtils.h"; sourceTree = "<group>"; };
		119726C61521E5D1002AF83F /* HCXmpp+XMPPUtils.m */ = {isa = PBXFileReference; fileEncoding = 4; lastKnownFileType = sourcecode.c.objc; path = "HCXmpp+XMPPUtils.m"; sourceTree = "<group>"; };
		119726C71521E5D1002AF83F /* HCXmpp.h */ = {isa = PBXFileReference; fileEncoding = 4; lastKnownFileType = sourcecode.c.h; path = HCXmpp.h; sourceTree = "<group>"; };
		119726C81521E5D1002AF83F /* HCXmpp.m */ = {isa = PBXFileReference; fileEncoding = 4; lastKnownFileType = sourcecode.c.objc; path = HCXmpp.m; sourceTree = "<group>"; };
		119726C91521E5D1002AF83F /* HCXmppTransport.h */ = {isa = PBXFileReference; fileEncoding = 4; lastKnownFileType = sourcecode.c.h; path = HCXmppTransport.h; sourceTree = "<group>"; };
		119726CA1521E5D1002AF83F /* XMPPFramework.h */ = {isa = PBXFileReference; fileEncoding = 4; lastKnownFileType = sourcecode.c.h; path = XMPPFramework.h; sourceTree = "<group>"; };
		119726CC1521E5D1002AF83F /* HCUtils.h */ = {isa = PBXFileReference; fileEncoding = 4; lastKnownFileType = sourcecode.c.h; path = HCUtils.h; sourceTree = "<group>"; };
		119726CD1521E5D1002AF83F /* HCUtils.m */ = {isa = PBXFileReference; fileEncoding = 4; lastKnownFileType = sourcecode.c.objc; path = HCUtils.m; sourceTree = "<group>"; };
		1197289E1521E660002AF83F /* libxml2.dylib */ = {isa = PBXFileReference; lastKnownFileType = "compiled.mach-o.dylib"; name = libxml2.dylib; path = usr/lib/libxml2.dylib; sourceTree = SDKROOT; };
		119728A01521E66D002AF83F /* libresolv.dylib */ = {isa = PBXFileReference; lastKnownFileType = "compiled.mach-o.dylib"; name = libresolv.dylib; path = usr/lib/libresolv.dylib; sourceTree = SDKROOT; };
		119728A41521E9E5002AF83F /* CFNetwork.framework */ = {isa = PBXFileReference; lastKnownFileType = wrapper.framework; name = CFNetwork.framework; path = System/Library/Frameworks/CFNetwork.framework; sourceTree = SDKROOT; };
		11D432291522FE50004BE1F1 /* hcoptions.plist */ = {isa = PBXFileReference; fileEncoding = 4; lastKnownFileType = text.plist.xml; path = hcoptions.plist; sourceTree = "<group>"; };
		C55BA1941530FFB300782699 /* WebSocket.h */ = {isa = PBXFileReference; fileEncoding = 4; lastKnownFileType = sourcecode.c.h; path = WebSocket.h; sourceTree = "<group>"; };
		C55BA1951530FFB300782699 /* WebSocket.m */ = {isa = PBXFileReference; fileEncoding = 4; lastKnownFileType = sourcecode.c.objc; path = WebSocket.m; sourceTree = "<group>"; };
		C55BA1971530FFB300782699 /* GCDAsyncSocket.h */ = {isa = PBXFileReference; fileEncoding = 4; lastKnownFileType = sourcecode.c.h; path = GCDAsyncSocket.h; sourceTree = "<group>"; };
		C55BA1981530FFB300782699 /* GCDAsyncSocket.m */ = {isa = PBXFileReference; fileEncoding = 4; lastKnownFileType = sourcecode.c.objc; path = GCDAsyncSocket.m; sourceTree = "<group>"; };
		C55BA19A1530FFB300782699 /* DDAbstractDatabaseLogger.h */ = {isa = PBXFileReference; fileEncoding = 4; lastKnownFileType = sourcecode.c.h; path = DDAbstractDatabaseLogger.h; sourceTree = "<group>"; };
		C55BA19B1530FFB300782699 /* DDAbstractDatabaseLogger.m */ = {isa = PBXFileReference; fileEncoding = 4; lastKnownFileType = sourcecode.c.objc; path = DDAbstractDatabaseLogger.m; sourceTree = "<group>"; };
		C55BA19C1530FFB300782699 /* DDASLLogger.h */ = {isa = PBXFileReference; fileEncoding = 4; lastKnownFileType = sourcecode.c.h; path = DDASLLogger.h; sourceTree = "<group>"; };
		C55BA19D1530FFB300782699 /* DDASLLogger.m */ = {isa = PBXFileReference; fileEncoding = 4; lastKnownFileType = sourcecode.c.objc; path = DDASLLogger.m; sourceTree = "<group>"; };
		C55BA19E1530FFB300782699 /* DDFileLogger.h */ = {isa = PBXFileReference; fileEncoding = 4; lastKnownFileType = sourcecode.c.h; path = DDFileLogger.h; sourceTree = "<group>"; };
		C55BA19F1530FFB300782699 /* DDFileLogger.m */ = {isa = PBXFileReference; fileEncoding = 4; lastKnownFileType = sourcecode.c.objc; path = DDFileLogger.m; sourceTree = "<group>"; };
		C55BA1A01530FFB300782699 /* DDLog.h */ = {isa = PBXFileReference; fileEncoding = 4; lastKnownFileType = sourcecode.c.h; path = DDLog.h; sourceTree = "<group>"; };
		C55BA1A11530FFB300782699 /* DDLog.m */ = {isa = PBXFileReference; fileEncoding = 4; lastKnownFileType = sourcecode.c.objc; path = DDLog.m; sourceTree = "<group>"; };
		C55BA1A21530FFB300782699 /* DDTTYLogger.h */ = {isa = PBXFileReference; fileEncoding = 4; lastKnownFileType = sourcecode.c.h; path = DDTTYLogger.h; sourceTree = "<group>"; };
		C55BA1A31530FFB300782699 /* DDTTYLogger.m */ = {isa = PBXFileReference; fileEncoding = 4; lastKnownFileType = sourcecode.c.objc; path = DDTTYLogger.m; sourceTree = "<group>"; };
		C55BA1A51530FFB300782699 /* ContextFilterLogFormatter.h */ = {isa = PBXFileReference; fileEncoding = 4; lastKnownFileType = sourcecode.c.h; path = ContextFilterLogFormatter.h; sourceTree = "<group>"; };
		C55BA1A61530FFB300782699 /* ContextFilterLogFormatter.m */ = {isa = PBXFileReference; fileEncoding = 4; lastKnownFileType = sourcecode.c.objc; path = ContextFilterLogFormatter.m; sourceTree = "<group>"; };
		C55BA1A71530FFB300782699 /* DispatchQueueLogFormatter.h */ = {isa = PBXFileReference; fileEncoding = 4; lastKnownFileType = sourcecode.c.h; path = DispatchQueueLogFormatter.h; sourceTree = "<group>"; };
		C55BA1A81530FFB300782699 /* DispatchQueueLogFormatter.m */ = {isa = PBXFileReference; fileEncoding = 4; lastKnownFileType = sourcecode.c.objc; path = DispatchQueueLogFormatter.m; sourceTree = "<group>"; };
		C55BA1A91530FFB300782699 /* README.txt */ = {isa = PBXFileReference; fileEncoding = 4; lastKnownFileType = text; path = README.txt; sourceTree = "<group>"; };
		C55BA1AD1530FFB300782699 /* NSObject+SBJson.h */ = {isa = PBXFileReference; fileEncoding = 4; lastKnownFileType = sourcecode.c.h; path = "NSObject+SBJson.h"; sourceTree = "<group>"; };
		C55BA1AE1530FFB300782699 /* NSObject+SBJson.m */ = {isa = PBXFileReference; fileEncoding = 4; lastKnownFileType = sourcecode.c.objc; path = "NSObject+SBJson.m"; sourceTree = "<group>"; };
		C55BA1AF1530FFB300782699 /* SBJson.h */ = {isa = PBXFileReference; fileEncoding = 4; lastKnownFileType = sourcecode.c.h; path = SBJson.h; sourceTree = "<group>"; };
		C55BA1B01530FFB300782699 /* SBJsonParser.h */ = {isa = PBXFileReference; fileEncoding = 4; lastKnownFileType = sourcecode.c.h; path = SBJsonParser.h; sourceTree = "<group>"; };
		C55BA1B11530FFB300782699 /* SBJsonParser.m */ = {isa = PBXFileReference; fileEncoding = 4; lastKnownFileType = sourcecode.c.objc; path = SBJsonParser.m; sourceTree = "<group>"; };
		C55BA1B21530FFB300782699 /* SBJsonStreamParser.h */ = {isa = PBXFileReference; fileEncoding = 4; lastKnownFileType = sourcecode.c.h; path = SBJsonStreamParser.h; sourceTree = "<group>"; };
		C55BA1B31530FFB300782699 /* SBJsonStreamParser.m */ = {isa = PBXFileReference; fileEncoding = 4; lastKnownFileType = sourcecode.c.objc; path = SBJsonStreamParser.m; sourceTree = "<group>"; };
		C55BA1B41530FFB300782699 /* SBJsonStreamParserAccumulator.h */ = {isa = PBXFileReference; fileEncoding = 4; lastKnownFileType = sourcecode.c.h; path = SBJsonStreamParserAccumulator.h; sourceTree = "<group>"; };
		C55BA1B51530FFB300782699 /* SBJsonStreamParserAccumulator.m */ = {isa = PBXFileReference; fileEncoding = 4; lastKnownFileType = sourcecode.c.objc; path = SBJsonStreamParserAccumulator.m; sourceTree = "<group>"; };
		C55BA1B61530FFB300782699 /* SBJsonStreamParserAdapter.h */ = {isa = PBXFileReference; fileEncoding = 4; lastKnownFileType = sourcecode.c.h; path = SBJsonStreamParserAdapter.h; sourceTree = "<group>"; };
		C55BA1B71530FFB300782699 /* SBJsonStreamParserAdapter.m */ = {isa = PBXFileReference; fileEncoding = 4; lastKnownFileType = sourcecode.c.objc; path = SBJsonStreamParserAdapter.m; sourceTree = "<group>"; };
		C55BA1B81530FFB300782699 /* SBJsonStreamParserState.h */ = {isa = PBXFileReference; fileEncoding = 4; lastKnownFileType = sourcecode.c.h; path = SBJsonStreamParserState.h; sourceTree = "<group>"; };
		C55BA1B91530FFB300782699 /* SBJsonStreamParserState.m */ = {isa = PBXFileReference; fileEncoding = 4; lastKnownFileType = sourcecode.c.objc; path = SBJsonStreamParserState.m; sourceTree = "<group>"; };
		C55BA1BA1530FFB300782699 /* SBJsonStreamWriter.h */ = {isa = PBXFileReference; fileEncoding = 4; lastKnownFileType = sourcecode.c.h; path = SBJsonStreamWriter.h; sourceTree = "<group>"; };
		C55BA1BB1530FFB300782699 /* SBJsonStreamWriter.m */ = {isa = PBXFileReference; fileEncoding = 4; lastKnownFileType = sourcecode.c.objc; path = SBJsonStreamWriter.m; sourceTree = "<group>"; };
		C55BA1BC1530FFB300782699 /* SBJsonStreamWriterAccumulator.h */ = {isa = PBXFileReference; fileEncoding = 4; lastKnownFileType = sourcecode.c.h; path = SBJsonStreamWriterAccumulator.h; sourceTree = "<group>"; };
		C55BA1BD1530FFB300782699 /* SBJsonStreamWriterAccumulator.m */ = {isa = PBXFileReference; fileEncoding = 4; lastKnownFileType = sourcecode.c.objc; path = SBJsonStreamWriterAccumulator.m; sourceTree = "<group>"; };
		C55BA1BE1530FFB300782699 /* SBJsonStreamWriterState.h */ = {isa = PBXFileReference; fileEncoding = 4; lastKnownFileType = sourcecode.c.h; path = SBJsonStreamWriterState.h; sourceTree = "<group>"; };
		C55BA1BF1530FFB300782699 /* SBJsonStreamWriterState.m */ = {isa = PBXFileReference; fileEncoding = 4; lastKnownFileType = sourcecode.c.objc; path = SBJsonStreamWriterState.m; sourceTree = "<group>"; };
		C55BA1C01530FFB300782699 /* SBJsonTokeniser.h */ = {isa = PBXFileReference; fileEncoding = 4; lastKnownFileType = sourcecode.c.h; path = SBJsonTokeniser.h; sourceTree = "<group>"; };
		C55BA1C11530FFB300782699 /* SBJsonTokeniser.m */ = {isa = PBXFileReference; fileEncoding = 4; lastKnownFileType = sourcecode.c.objc; path = SBJsonTokeniser.m; sourceTree = "<group>"; };
		C55BA1C21530FFB300782699 /* SBJsonUTF8Stream.h */ = {isa = PBXFileReference; fileEncoding = 4; lastKnownFileType = sourcecode.c.h; path = SBJsonUTF8Stream.h; sourceTree = "<group>"; };
		C55BA1C31530FFB300782699 /* SBJsonUTF8Stream.m */ = {isa = PBXFileReference; fileEncoding = 4; lastKnownFileType = sourcecode.c.objc; path = SBJsonUTF8Stream.m; sourceTree = "<group>"; };
		C55BA1C41530FFB300782699 /* SBJsonWriter.h */ = {isa = PBXFileReference; fileEncoding = 4; lastKnownFileType = sourcecode.c.h; path = SBJsonWriter.h; sourceTree = "<group>"; };
		C55BA1C51530FFB300782699 /* SBJsonWriter.m */ = {isa = PBXFileReference; fileEncoding = 4; lastKnownFileType = sourcecode.c.objc; path = SBJsonWriter.m; sourceTree = "<group>"; };
		C55BA1CB1530FFB300782699 /* NSString+DDXML.h */ = {isa = PBXFileReference; fileEncoding = 4; lastKnownFileType = sourcecode.c.h; path = "NSString+DDXML.h"; sourceTree = "<group>"; };
		C55BA1CC1530FFB300782699 /* NSString+DDXML.m */ = {isa = PBXFileReference; fileEncoding = 4; lastKnownFileType = sourcecode.c.objc; path = "NSString+DDXML.m"; sourceTree = "<group>"; };
		C55BA1CD1530FFB300782699 /* DDXML.h */ = {isa = PBXFileReference; fileEncoding = 4; lastKnownFileType = sourcecode.c.h; path = DDXML.h; sourceTree = "<group>"; };
		C55BA1CE1530FFB300782699 /* DDXMLDocument.h */ = {isa = PBXFileReference; fileEncoding = 4; lastKnownFileType = sourcecode.c.h; path = DDXMLDocument.h; sourceTree = "<group>"; };
		C55BA1CF1530FFB300782699 /* DDXMLDocument.m */ = {isa = PBXFileReference; fileEncoding = 4; lastKnownFileType = sourcecode.c.objc; path = DDXMLDocument.m; sourceTree = "<group>"; };
		C55BA1D01530FFB300782699 /* DDXMLElement.h */ = {isa = PBXFileReference; fileEncoding = 4; lastKnownFileType = sourcecode.c.h; path = DDXMLElement.h; sourceTree = "<group>"; };
		C55BA1D11530FFB300782699 /* DDXMLElement.m */ = {isa = PBXFileReference; fileEncoding = 4; lastKnownFileType = sourcecode.c.objc; path = DDXMLElement.m; sourceTree = "<group>"; };
		C55BA1D21530FFB300782699 /* DDXMLNode.h */ = {isa = PBXFileReference; fileEncoding = 4; lastKnownFileType = sourcecode.c.h; path = DDXMLNode.h; sourceTree = "<group>"; };
		C55BA1D31530FFB300782699 /* DDXMLNode.m */ = {isa = PBXFileReference; fileEncoding = 4; lastKnownFileType = sourcecode.c.objc; path = DDXMLNode.m; sourceTree = "<group>"; };
		C55BA1D51530FFB300782699 /* DDXMLPrivate.h */ = {isa = PBXFileReference; fileEncoding = 4; lastKnownFileType = sourcecode.c.h; path = DDXMLPrivate.h; sourceTree = "<group>"; };
		C55BA1D91530FFB300782699 /* libidn.a */ = {isa = PBXFileReference; lastKnownFileType = archive.ar; name = libidn.a; path = ../../../HubiquitusClient/vendor/libidn/libidn.a; sourceTree = "<group>"; };
		C55BA1DE1530FFB300782699 /* SocketIO.h */ = {isa = PBXFileReference; fileEncoding = 4; lastKnownFileType = sourcecode.c.h; path = SocketIO.h; sourceTree = "<group>"; };
		C55BA1DF1530FFB300782699 /* SocketIO.m */ = {isa = PBXFileReference; fileEncoding = 4; lastKnownFileType = sourcecode.c.objc; path = SocketIO.m; sourceTree = "<group>"; };
		C55BA1E51530FFB300782699 /* NSData+XMPP.h */ = {isa = PBXFileReference; fileEncoding = 4; lastKnownFileType = sourcecode.c.h; path = "NSData+XMPP.h"; sourceTree = "<group>"; };
		C55BA1E61530FFB300782699 /* NSData+XMPP.m */ = {isa = PBXFileReference; fileEncoding = 4; lastKnownFileType = sourcecode.c.objc; path = "NSData+XMPP.m"; sourceTree = "<group>"; };
		C55BA1E71530FFB300782699 /* NSNumber+XMPP.h */ = {isa = PBXFileReference; fileEncoding = 4; lastKnownFileType = sourcecode.c.h; path = "NSNumber+XMPP.h"; sourceTree = "<group>"; };
		C55BA1E81530FFB300782699 /* NSNumber+XMPP.m */ = {isa = PBXFileReference; fileEncoding = 4; lastKnownFileType = sourcecode.c.objc; path = "NSNumber+XMPP.m"; sourceTree = "<group>"; };
		C55BA1E91530FFB300782699 /* NSXMLElement+XMPP.h */ = {isa = PBXFileReference; fileEncoding = 4; lastKnownFileType = sourcecode.c.h; path = "NSXMLElement+XMPP.h"; sourceTree = "<group>"; };
		C55BA1EA1530FFB300782699 /* NSXMLElement+XMPP.m */ = {isa = PBXFileReference; fileEncoding = 4; lastKnownFileType = sourcecode.c.objc; path = "NSXMLElement+XMPP.m"; sourceTree = "<group>"; };
		C55BA1ED1530FFB300782699 /* XMPP.h */ = {isa = PBXFileReference; fileEncoding = 4; lastKnownFileType = sourcecode.c.h; path = XMPP.h; sourceTree = "<group>"; };
		C55BA1EE1530FFB300782699 /* XMPPElement.h */ = {isa = PBXFileReference; fileEncoding = 4; lastKnownFileType = sourcecode.c.h; path = XMPPElement.h; sourceTree = "<group>"; };
		C55BA1EF1530FFB300782699 /* XMPPElement.m */ = {isa = PBXFileReference; fileEncoding = 4; lastKnownFileType = sourcecode.c.objc; path = XMPPElement.m; sourceTree = "<group>"; };
		C55BA1F01530FFB300782699 /* XMPPFramework.h */ = {isa = PBXFileReference; fileEncoding = 4; lastKnownFileType = sourcecode.c.h; path = XMPPFramework.h; sourceTree = "<group>"; };
		C55BA1F11530FFB300782699 /* XMPPInternal.h */ = {isa = PBXFileReference; fileEncoding = 4; lastKnownFileType = sourcecode.c.h; path = XMPPInternal.h; sourceTree = "<group>"; };
		C55BA1F21530FFB300782699 /* XMPPIQ.h */ = {isa = PBXFileReference; fileEncoding = 4; lastKnownFileType = sourcecode.c.h; path = XMPPIQ.h; sourceTree = "<group>"; };
		C55BA1F31530FFB300782699 /* XMPPIQ.m */ = {isa = PBXFileReference; fileEncoding = 4; lastKnownFileType = sourcecode.c.objc; path = XMPPIQ.m; sourceTree = "<group>"; };
		C55BA1F41530FFB300782699 /* XMPPJID.h */ = {isa = PBXFileReference; fileEncoding = 4; lastKnownFileType = sourcecode.c.h; path = XMPPJID.h; sourceTree = "<group>"; };
		C55BA1F51530FFB300782699 /* XMPPJID.m */ = {isa = PBXFileReference; fileEncoding = 4; lastKnownFileType = sourcecode.c.objc; path = XMPPJID.m; sourceTree = "<group>"; };
		C55BA1F61530FFB300782699 /* XMPPLogging.h */ = {isa = PBXFileReference; fileEncoding = 4; lastKnownFileType = sourcecode.c.h; path = XMPPLogging.h; sourceTree = "<group>"; };
		C55BA1F71530FFB300782699 /* XMPPMessage.h */ = {isa = PBXFileReference; fileEncoding = 4; lastKnownFileType = sourcecode.c.h; path = XMPPMessage.h; sourceTree = "<group>"; };
		C55BA1F81530FFB300782699 /* XMPPMessage.m */ = {isa = PBXFileReference; fileEncoding = 4; lastKnownFileType = sourcecode.c.objc; path = XMPPMessage.m; sourceTree = "<group>"; };
		C55BA1F91530FFB300782699 /* XMPPModule.h */ = {isa = PBXFileReference; fileEncoding = 4; lastKnownFileType = sourcecode.c.h; path = XMPPModule.h; sourceTree = "<group>"; };
		C55BA1FA1530FFB300782699 /* XMPPModule.m */ = {isa = PBXFileReference; fileEncoding = 4; lastKnownFileType = sourcecode.c.objc; path = XMPPModule.m; sourceTree = "<group>"; };
		C55BA1FB1530FFB300782699 /* XMPPParser.h */ = {isa = PBXFileReference; fileEncoding = 4; lastKnownFileType = sourcecode.c.h; path = XMPPParser.h; sourceTree = "<group>"; };
		C55BA1FC1530FFB300782699 /* XMPPParser.m */ = {isa = PBXFileReference; fileEncoding = 4; lastKnownFileType = sourcecode.c.objc; path = XMPPParser.m; sourceTree = "<group>"; };
		C55BA1FD1530FFB300782699 /* XMPPPresence.h */ = {isa = PBXFileReference; fileEncoding = 4; lastKnownFileType = sourcecode.c.h; path = XMPPPresence.h; sourceTree = "<group>"; };
		C55BA1FE1530FFB300782699 /* XMPPPresence.m */ = {isa = PBXFileReference; fileEncoding = 4; lastKnownFileType = sourcecode.c.objc; path = XMPPPresence.m; sourceTree = "<group>"; };
		C55BA1FF1530FFB300782699 /* XMPPStream.h */ = {isa = PBXFileReference; fileEncoding = 4; lastKnownFileType = sourcecode.c.h; path = XMPPStream.h; sourceTree = "<group>"; };
		C55BA2001530FFB300782699 /* XMPPStream.m */ = {isa = PBXFileReference; fileEncoding = 4; lastKnownFileType = sourcecode.c.objc; path = XMPPStream.m; sourceTree = "<group>"; };
		C55BA26C1530FFB300782699 /* XMPPPubSub.h */ = {isa = PBXFileReference; fileEncoding = 4; lastKnownFileType = sourcecode.c.h; path = XMPPPubSub.h; sourceTree = "<group>"; };
		C55BA26D1530FFB300782699 /* XMPPPubSub.m */ = {isa = PBXFileReference; fileEncoding = 4; lastKnownFileType = sourcecode.c.objc; path = XMPPPubSub.m; sourceTree = "<group>"; };
		C55BA29C1530FFB300782699 /* DDList.h */ = {isa = PBXFileReference; fileEncoding = 4; lastKnownFileType = sourcecode.c.h; path = DDList.h; sourceTree = "<group>"; };
		C55BA29D1530FFB300782699 /* DDList.m */ = {isa = PBXFileReference; fileEncoding = 4; lastKnownFileType = sourcecode.c.objc; path = DDList.m; sourceTree = "<group>"; };
		C55BA29E1530FFB300782699 /* GCDMulticastDelegate.h */ = {isa = PBXFileReference; fileEncoding = 4; lastKnownFileType = sourcecode.c.h; path = GCDMulticastDelegate.h; sourceTree = "<group>"; };
		C55BA29F1530FFB300782699 /* GCDMulticastDelegate.m */ = {isa = PBXFileReference; fileEncoding = 4; lastKnownFileType = sourcecode.c.objc; path = GCDMulticastDelegate.m; sourceTree = "<group>"; };
		C55BA2A01530FFB300782699 /* LibIDN.h */ = {isa = PBXFileReference; fileEncoding = 4; lastKnownFileType = sourcecode.c.h; path = LibIDN.h; sourceTree = "<group>"; };
		C55BA2A11530FFB300782699 /* LibIDN.m */ = {isa = PBXFileReference; fileEncoding = 4; lastKnownFileType = sourcecode.c.objc; path = LibIDN.m; sourceTree = "<group>"; };
		C55BA2A21530FFB300782699 /* RFImageToDataTransformer.h */ = {isa = PBXFileReference; fileEncoding = 4; lastKnownFileType = sourcecode.c.h; path = RFImageToDataTransformer.h; sourceTree = "<group>"; };
		C55BA2A31530FFB300782699 /* RFImageToDataTransformer.m */ = {isa = PBXFileReference; fileEncoding = 4; lastKnownFileType = sourcecode.c.objc; path = RFImageToDataTransformer.m; sourceTree = "<group>"; };
		C55BA2A41530FFB300782699 /* XMPPDigestAuthentication.h */ = {isa = PBXFileReference; fileEncoding = 4; lastKnownFileType = sourcecode.c.h; path = XMPPDigestAuthentication.h; sourceTree = "<group>"; };
		C55BA2A51530FFB300782699 /* XMPPDigestAuthentication.m */ = {isa = PBXFileReference; fileEncoding = 4; lastKnownFileType = sourcecode.c.objc; path = XMPPDigestAuthentication.m; sourceTree = "<group>"; };
		C55BA2A61530FFB300782699 /* XMPPIDTracker.h */ = {isa = PBXFileReference; fileEncoding = 4; lastKnownFileType = sourcecode.c.h; path = XMPPIDTracker.h; sourceTree = "<group>"; };
		C55BA2A71530FFB300782699 /* XMPPIDTracker.m */ = {isa = PBXFileReference; fileEncoding = 4; lastKnownFileType = sourcecode.c.objc; path = XMPPIDTracker.m; sourceTree = "<group>"; };
		C55BA2A81530FFB300782699 /* XMPPSASLAuthentication.h */ = {isa = PBXFileReference; fileEncoding = 4; lastKnownFileType = sourcecode.c.h; path = XMPPSASLAuthentication.h; sourceTree = "<group>"; };
		C55BA2A91530FFB300782699 /* XMPPSRVResolver.h */ = {isa = PBXFileReference; fileEncoding = 4; lastKnownFileType = sourcecode.c.h; path = XMPPSRVResolver.h; sourceTree = "<group>"; };
		C55BA2AA1530FFB300782699 /* XMPPSRVResolver.m */ = {isa = PBXFileReference; fileEncoding = 4; lastKnownFileType = sourcecode.c.objc; path = XMPPSRVResolver.m; sourceTree = "<group>"; };
		C55BA2AB1530FFB300782699 /* XMPPXFacebookPlatformAuthentication.h */ = {isa = PBXFileReference; fileEncoding = 4; lastKnownFileType = sourcecode.c.h; path = XMPPXFacebookPlatformAuthentication.h; sourceTree = "<group>"; };
		C55BA2AC1530FFB300782699 /* XMPPXFacebookPlatformAuthentication.m */ = {isa = PBXFileReference; fileEncoding = 4; lastKnownFileType = sourcecode.c.objc; path = XMPPXFacebookPlatformAuthentication.m; sourceTree = "<group>"; };
		C55BA3251530FFE200782699 /* idn-int.h */ = {isa = PBXFileReference; fileEncoding = 4; lastKnownFileType = sourcecode.c.h; path = "idn-int.h"; sourceTree = "<group>"; };
		C55BA3261530FFE200782699 /* stringprep.h */ = {isa = PBXFileReference; fileEncoding = 4; lastKnownFileType = sourcecode.c.h; path = stringprep.h; sourceTree = "<group>"; };
		C55BA3291531007B00782699 /* Security.framework */ = {isa = PBXFileReference; lastKnownFileType = wrapper.framework; name = Security.framework; path = System/Library/Frameworks/Security.framework; sourceTree = SDKROOT; };
		C55BA32C1531010C00782699 /* hcoptions.plist */ = {isa = PBXFileReference; fileEncoding = 4; lastKnownFileType = text.plist.xml; path = hcoptions.plist; sourceTree = "<group>"; };
/* End PBXFileReference section */

/* Begin PBXFrameworksBuildPhase section */
		119726341521E571002AF83F /* Frameworks */ = {
			isa = PBXFrameworksBuildPhase;
			buildActionMask = 2147483647;
			files = (
				119728A61521E9F3002AF83F /* CFNetwork.framework in Frameworks */,
				C55BA32B1531009000782699 /* Security.framework in Frameworks */,
				119728A11521E66D002AF83F /* libresolv.dylib in Frameworks */,
				1197289F1521E660002AF83F /* libxml2.dylib in Frameworks */,
				1197263F1521E571002AF83F /* Foundation.framework in Frameworks */,
				119726411521E571002AF83F /* UIKit.framework in Frameworks */,
				119726431521E571002AF83F /* CoreGraphics.framework in Frameworks */,
				119726451521E571002AF83F /* AddressBook.framework in Frameworks */,
				119726471521E571002AF83F /* AddressBookUI.framework in Frameworks */,
				119726491521E571002AF83F /* AudioToolbox.framework in Frameworks */,
				1197264B1521E571002AF83F /* AVFoundation.framework in Frameworks */,
				1197264D1521E571002AF83F /* CoreLocation.framework in Frameworks */,
				1197264F1521E571002AF83F /* MediaPlayer.framework in Frameworks */,
				119726511521E571002AF83F /* QuartzCore.framework in Frameworks */,
				119726531521E571002AF83F /* SystemConfiguration.framework in Frameworks */,
				119726551521E571002AF83F /* MobileCoreServices.framework in Frameworks */,
				119726571521E571002AF83F /* CoreMedia.framework in Frameworks */,
				119726621521E571002AF83F /* Cordova.framework in Frameworks */,
				C55BA2CD1530FFB300782699 /* libidn.a in Frameworks */,
			);
			runOnlyForDeploymentPostprocessing = 0;
		};
		119726371521E571002AF83F /* Frameworks */ = {
			isa = PBXFrameworksBuildPhase;
			buildActionMask = 2147483647;
			files = (
			);
			runOnlyForDeploymentPostprocessing = 0;
		};
/* End PBXFrameworksBuildPhase section */

/* Begin PBXGroup section */
		110A40001524942500C1EDDA /* HCPhoneGapPlugin */ = {
			isa = PBXGroup;
			children = (
				110A40011524942500C1EDDA /* HCOptions+HCPhoneGapUtil.h */,
				110A40021524942500C1EDDA /* HCOptions+HCPhoneGapUtil.m */,
				110A40031524942500C1EDDA /* HCPhoneGapClient.js */,
				110A40041524942500C1EDDA /* HCPhoneGapClientCommand.h */,
				110A40051524942500C1EDDA /* HCPhoneGapClientCommand.m */,
			);
			name = HCPhoneGapPlugin;
			path = ../../../../HCPhoneGapPlugin;
			sourceTree = "<group>";
		};
		1197262C1521E571002AF83F = {
			isa = PBXGroup;
			children = (
				119726581521E571002AF83F /* PhoneGapClient */,
				1197263D1521E571002AF83F /* Frameworks */,
				1197263B1521E571002AF83F /* Products */,
			);
			sourceTree = "<group>";
		};
		1197263B1521E571002AF83F /* Products */ = {
			isa = PBXGroup;
			children = (
				1197263A1521E571002AF83F /* PhoneGapClient.app */,
			);
			name = Products;
			sourceTree = "<group>";
		};
		1197263D1521E571002AF83F /* Frameworks */ = {
			isa = PBXGroup;
			children = (
				119726611521E571002AF83F /* Cordova.framework */,
				C55BA3291531007B00782699 /* Security.framework */,
				119728A41521E9E5002AF83F /* CFNetwork.framework */,
				C55BA1D91530FFB300782699 /* libidn.a */,
				119728A01521E66D002AF83F /* libresolv.dylib */,
				1197289E1521E660002AF83F /* libxml2.dylib */,
				1197263E1521E571002AF83F /* Foundation.framework */,
				119726401521E571002AF83F /* UIKit.framework */,
				119726421521E571002AF83F /* CoreGraphics.framework */,
				119726441521E571002AF83F /* AddressBook.framework */,
				119726461521E571002AF83F /* AddressBookUI.framework */,
				119726481521E571002AF83F /* AudioToolbox.framework */,
				1197264A1521E571002AF83F /* AVFoundation.framework */,
				1197264C1521E571002AF83F /* CoreLocation.framework */,
				1197264E1521E571002AF83F /* MediaPlayer.framework */,
				119726501521E571002AF83F /* QuartzCore.framework */,
				119726521521E571002AF83F /* SystemConfiguration.framework */,
				119726541521E571002AF83F /* MobileCoreServices.framework */,
				119726561521E571002AF83F /* CoreMedia.framework */,
			);
			name = Frameworks;
			sourceTree = "<group>";
		};
		119726581521E571002AF83F /* PhoneGapClient */ = {
			isa = PBXGroup;
			children = (
				1197269D1521E5D1002AF83F /* HubiquitusClient */,
				1197269B1521E5C6002AF83F /* www */,
				119726631521E571002AF83F /* Resources */,
				119726841521E571002AF83F /* Classes */,
				1197268D1521E571002AF83F /* Plugins */,
				119726591521E571002AF83F /* Supporting Files */,
			);
			path = PhoneGapClient;
			sourceTree = "<group>";
		};
		119726591521E571002AF83F /* Supporting Files */ = {
			isa = PBXGroup;
			children = (
				C55BA32C1531010C00782699 /* hcoptions.plist */,
				1197265A1521E571002AF83F /* PhoneGapClient-Info.plist */,
				1197265B1521E571002AF83F /* InfoPlist.strings */,
				1197265E1521E571002AF83F /* main.m */,
				119726601521E571002AF83F /* PhoneGapClient-Prefix.pch */,
				119726821521E571002AF83F /* Cordova.plist */,
				1197268B1521E571002AF83F /* MainViewController.xib */,
				1197268F1521E571002AF83F /* verify.sh */,
			);
			name = "Supporting Files";
			sourceTree = "<group>";
		};
		119726631521E571002AF83F /* Resources */ = {
			isa = PBXGroup;
			children = (
				11D432291522FE50004BE1F1 /* hcoptions.plist */,
				119726801521E571002AF83F /* Capture.bundle */,
				119726641521E571002AF83F /* en.lproj */,
				119726681521E571002AF83F /* es.lproj */,
				1197266C1521E571002AF83F /* de.lproj */,
				119726701521E571002AF83F /* se.lproj */,
				119726741521E571002AF83F /* icons */,
				1197267B1521E571002AF83F /* splash */,
			);
			name = Resources;
			sourceTree = "<group>";
		};
		119726641521E571002AF83F /* en.lproj */ = {
			isa = PBXGroup;
			children = (
				119726651521E571002AF83F /* Localizable.strings */,
			);
			name = en.lproj;
			sourceTree = "<group>";
		};
		119726681521E571002AF83F /* es.lproj */ = {
			isa = PBXGroup;
			children = (
				119726691521E571002AF83F /* Localizable.strings */,
			);
			name = es.lproj;
			sourceTree = "<group>";
		};
		1197266C1521E571002AF83F /* de.lproj */ = {
			isa = PBXGroup;
			children = (
				1197266D1521E571002AF83F /* Localizable.strings */,
			);
			name = de.lproj;
			sourceTree = "<group>";
		};
		119726701521E571002AF83F /* se.lproj */ = {
			isa = PBXGroup;
			children = (
				119726711521E571002AF83F /* Localizable.strings */,
			);
			name = se.lproj;
			sourceTree = "<group>";
		};
		119726741521E571002AF83F /* icons */ = {
			isa = PBXGroup;
			children = (
				119726751521E571002AF83F /* icon.png */,
				119726771521E571002AF83F /* icon@2x.png */,
				119726791521E571002AF83F /* icon-72.png */,
			);
			name = icons;
			sourceTree = "<group>";
		};
		1197267B1521E571002AF83F /* splash */ = {
			isa = PBXGroup;
			children = (
				1197267C1521E571002AF83F /* Default.png */,
				1197267E1521E571002AF83F /* Default@2x.png */,
			);
			name = splash;
			sourceTree = "<group>";
		};
		119726841521E571002AF83F /* Classes */ = {
			isa = PBXGroup;
			children = (
				119726851521E571002AF83F /* AppDelegate.h */,
				119726861521E571002AF83F /* AppDelegate.m */,
				119726881521E571002AF83F /* MainViewController.h */,
				119726891521E571002AF83F /* MainViewController.m */,
			);
			name = Classes;
			sourceTree = "<group>";
		};
		1197268D1521E571002AF83F /* Plugins */ = {
			isa = PBXGroup;
			children = (
				110A40001524942500C1EDDA /* HCPhoneGapPlugin */,
			);
			name = Plugins;
			sourceTree = "<group>";
		};
		1197269D1521E5D1002AF83F /* HubiquitusClient */ = {
			isa = PBXGroup;
			children = (
				C55BA1911530FFB300782699 /* vendor */,
				1197269E1521E5D1002AF83F /* HCClient.h */,
				1197269F1521E5D1002AF83F /* HCClient.m */,
				119726A01521E5D1002AF83F /* HCErrors.h */,
				119726A11521E5D1002AF83F /* HCMessage.h */,
				119726A21521E5D1002AF83F /* HCMessage.m */,
				119726A31521E5D1002AF83F /* options */,
				119726AC1521E5D1002AF83F /* transport */,
				119726CB1521E5D1002AF83F /* utils */,
			);
			name = HubiquitusClient;
			path = ../../../../HubiquitusClient;
			sourceTree = "<group>";
		};
		119726A31521E5D1002AF83F /* options */ = {
			isa = PBXGroup;
			children = (
				119726A41521E5D1002AF83F /* HCGatewayOptions.h */,
				119726A51521E5D1002AF83F /* HCGatewayOptions.m */,
				119726A61521E5D1002AF83F /* HCOptions.h */,
				119726A71521E5D1002AF83F /* HCOptions.m */,
				119726A81521E5D1002AF83F /* HCSocketIOOptions.h */,
				119726A91521E5D1002AF83F /* HCSocketIOOptions.m */,
				119726AA1521E5D1002AF83F /* HCXmppOptions.h */,
				119726AB1521E5D1002AF83F /* HCXmppOptions.m */,
			);
			path = options;
			sourceTree = "<group>";
		};
		119726AC1521E5D1002AF83F /* transport */ = {
			isa = PBXGroup;
			children = (
				119726AD1521E5D1002AF83F /* HCTransport.h */,
				119726B31521E5D1002AF83F /* HCReconnect.h */,
				119726B41521E5D1002AF83F /* HCReconnect.m */,
				119726B01521E5D1002AF83F /* socketio */,
				119726C01521E5D1002AF83F /* xmpp */,
			);
			path = transport;
			sourceTree = "<group>";
		};
		119726B01521E5D1002AF83F /* socketio */ = {
			isa = PBXGroup;
			children = (
				119726B11521E5D1002AF83F /* HCReachability.h */,
				119726B21521E5D1002AF83F /* HCReachability.m */,
				119726B51521E5D1002AF83F /* HCSocketIO+HCReconnectDelegate.h */,
				119726B61521E5D1002AF83F /* HCSocketIO+HCReconnectDelegate.m */,
				119726B71521E5D1002AF83F /* HCSocketIO+HCTransportProtocol.h */,
				119726B81521E5D1002AF83F /* HCSocketIO+HCTransportProtocol.m */,
				119726B91521E5D1002AF83F /* HCSocketIO+Helper.h */,
				119726BA1521E5D1002AF83F /* HCSocketIO+Helper.m */,
				119726BB1521E5D1002AF83F /* HCSocketIO+SocketIODelegate.h */,
				119726BC1521E5D1002AF83F /* HCSocketIO+SocketIODelegate.m */,
				119726BD1521E5D1002AF83F /* HCSocketIO.h */,
				119726BE1521E5D1002AF83F /* HCSocketIO.m */,
				119726BF1521E5D1002AF83F /* HCSocketIOTransport.h */,
			);
			path = socketio;
			sourceTree = "<group>";
		};
		119726C01521E5D1002AF83F /* xmpp */ = {
			isa = PBXGroup;
			children = (
				119726AE1521E5D1002AF83F /* HCXmpp+XMPPStreamDelegate.h */,
				119726AF1521E5D1002AF83F /* HCXmpp+XMPPStreamDelegate.m */,
				119726C11521E5D1002AF83F /* HCXmpp+HCTransportProtocol.h */,
				119726C21521E5D1002AF83F /* HCXmpp+HCTransportProtocol.m */,
				119726C31521E5D1002AF83F /* HCXmpp+XMPPPubSubDelegate.h */,
				119726C41521E5D1002AF83F /* HCXmpp+XMPPPubSubDelegate.m */,
				119726C51521E5D1002AF83F /* HCXmpp+XMPPUtils.h */,
				119726C61521E5D1002AF83F /* HCXmpp+XMPPUtils.m */,
				119726C71521E5D1002AF83F /* HCXmpp.h */,
				119726C81521E5D1002AF83F /* HCXmpp.m */,
				119726C91521E5D1002AF83F /* HCXmppTransport.h */,
				119726CA1521E5D1002AF83F /* XMPPFramework.h */,
				110A3FF51524890900C1EDDA /* HCXmpp+HCReconnectDelegate.h */,
				110A3FF61524890900C1EDDA /* HCXmpp+HCReconnectDelegate.m */,
			);
			path = xmpp;
			sourceTree = "<group>";
		};
		119726CB1521E5D1002AF83F /* utils */ = {
			isa = PBXGroup;
			children = (
				119726CC1521E5D1002AF83F /* HCUtils.h */,
				119726CD1521E5D1002AF83F /* HCUtils.m */,
			);
			path = utils;
			sourceTree = "<group>";
		};
		C55BA1911530FFB300782699 /* vendor */ = {
			isa = PBXGroup;
			children = (
				C55BA1921530FFB300782699 /* cocoa-websocket */,
				C55BA1961530FFB300782699 /* CocoaAsyncSocket */,
				C55BA1991530FFB300782699 /* CocoaLumberjack */,
				C55BA1AA1530FFB300782699 /* json-framework */,
				C55BA1C91530FFB300782699 /* KissXML */,
				C55BA1D61530FFB300782699 /* libidn */,
				C55BA1DB1530FFB300782699 /* socket.IO-objc */,
				C55BA1E01530FFB300782699 /* XMPPFramework */,
			);
			path = vendor;
			sourceTree = "<group>";
		};
		C55BA1921530FFB300782699 /* cocoa-websocket */ = {
			isa = PBXGroup;
			children = (
				C55BA1941530FFB300782699 /* WebSocket.h */,
				C55BA1951530FFB300782699 /* WebSocket.m */,
			);
			path = "cocoa-websocket";
			sourceTree = "<group>";
		};
		C55BA1961530FFB300782699 /* CocoaAsyncSocket */ = {
			isa = PBXGroup;
			children = (
				C55BA1971530FFB300782699 /* GCDAsyncSocket.h */,
				C55BA1981530FFB300782699 /* GCDAsyncSocket.m */,
			);
			path = CocoaAsyncSocket;
			sourceTree = "<group>";
		};
		C55BA1991530FFB300782699 /* CocoaLumberjack */ = {
			isa = PBXGroup;
			children = (
				C55BA19A1530FFB300782699 /* DDAbstractDatabaseLogger.h */,
				C55BA19B1530FFB300782699 /* DDAbstractDatabaseLogger.m */,
				C55BA19C1530FFB300782699 /* DDASLLogger.h */,
				C55BA19D1530FFB300782699 /* DDASLLogger.m */,
				C55BA19E1530FFB300782699 /* DDFileLogger.h */,
				C55BA19F1530FFB300782699 /* DDFileLogger.m */,
				C55BA1A01530FFB300782699 /* DDLog.h */,
				C55BA1A11530FFB300782699 /* DDLog.m */,
				C55BA1A21530FFB300782699 /* DDTTYLogger.h */,
				C55BA1A31530FFB300782699 /* DDTTYLogger.m */,
				C55BA1A41530FFB300782699 /* Extensions */,
			);
			path = CocoaLumberjack;
			sourceTree = "<group>";
		};
		C55BA1A41530FFB300782699 /* Extensions */ = {
			isa = PBXGroup;
			children = (
				C55BA1A51530FFB300782699 /* ContextFilterLogFormatter.h */,
				C55BA1A61530FFB300782699 /* ContextFilterLogFormatter.m */,
				C55BA1A71530FFB300782699 /* DispatchQueueLogFormatter.h */,
				C55BA1A81530FFB300782699 /* DispatchQueueLogFormatter.m */,
				C55BA1A91530FFB300782699 /* README.txt */,
			);
			path = Extensions;
			sourceTree = "<group>";
		};
		C55BA1AA1530FFB300782699 /* json-framework */ = {
			isa = PBXGroup;
			children = (
				C55BA1AC1530FFB300782699 /* Classes */,
			);
			path = "json-framework";
			sourceTree = "<group>";
		};
		C55BA1AC1530FFB300782699 /* Classes */ = {
			isa = PBXGroup;
			children = (
				C55BA1AD1530FFB300782699 /* NSObject+SBJson.h */,
				C55BA1AE1530FFB300782699 /* NSObject+SBJson.m */,
				C55BA1AF1530FFB300782699 /* SBJson.h */,
				C55BA1B01530FFB300782699 /* SBJsonParser.h */,
				C55BA1B11530FFB300782699 /* SBJsonParser.m */,
				C55BA1B21530FFB300782699 /* SBJsonStreamParser.h */,
				C55BA1B31530FFB300782699 /* SBJsonStreamParser.m */,
				C55BA1B41530FFB300782699 /* SBJsonStreamParserAccumulator.h */,
				C55BA1B51530FFB300782699 /* SBJsonStreamParserAccumulator.m */,
				C55BA1B61530FFB300782699 /* SBJsonStreamParserAdapter.h */,
				C55BA1B71530FFB300782699 /* SBJsonStreamParserAdapter.m */,
				C55BA1B81530FFB300782699 /* SBJsonStreamParserState.h */,
				C55BA1B91530FFB300782699 /* SBJsonStreamParserState.m */,
				C55BA1BA1530FFB300782699 /* SBJsonStreamWriter.h */,
				C55BA1BB1530FFB300782699 /* SBJsonStreamWriter.m */,
				C55BA1BC1530FFB300782699 /* SBJsonStreamWriterAccumulator.h */,
				C55BA1BD1530FFB300782699 /* SBJsonStreamWriterAccumulator.m */,
				C55BA1BE1530FFB300782699 /* SBJsonStreamWriterState.h */,
				C55BA1BF1530FFB300782699 /* SBJsonStreamWriterState.m */,
				C55BA1C01530FFB300782699 /* SBJsonTokeniser.h */,
				C55BA1C11530FFB300782699 /* SBJsonTokeniser.m */,
				C55BA1C21530FFB300782699 /* SBJsonUTF8Stream.h */,
				C55BA1C31530FFB300782699 /* SBJsonUTF8Stream.m */,
				C55BA1C41530FFB300782699 /* SBJsonWriter.h */,
				C55BA1C51530FFB300782699 /* SBJsonWriter.m */,
			);
			path = Classes;
			sourceTree = "<group>";
		};
		C55BA1C91530FFB300782699 /* KissXML */ = {
			isa = PBXGroup;
			children = (
				C55BA1CA1530FFB300782699 /* Categories */,
				C55BA1CD1530FFB300782699 /* DDXML.h */,
				C55BA1CE1530FFB300782699 /* DDXMLDocument.h */,
				C55BA1CF1530FFB300782699 /* DDXMLDocument.m */,
				C55BA1D01530FFB300782699 /* DDXMLElement.h */,
				C55BA1D11530FFB300782699 /* DDXMLElement.m */,
				C55BA1D21530FFB300782699 /* DDXMLNode.h */,
				C55BA1D31530FFB300782699 /* DDXMLNode.m */,
				C55BA1D41530FFB300782699 /* Private */,
			);
			path = KissXML;
			sourceTree = "<group>";
		};
		C55BA1CA1530FFB300782699 /* Categories */ = {
			isa = PBXGroup;
			children = (
				C55BA1CB1530FFB300782699 /* NSString+DDXML.h */,
				C55BA1CC1530FFB300782699 /* NSString+DDXML.m */,
			);
			path = Categories;
			sourceTree = "<group>";
		};
		C55BA1D41530FFB300782699 /* Private */ = {
			isa = PBXGroup;
			children = (
				C55BA1D51530FFB300782699 /* DDXMLPrivate.h */,
			);
			path = Private;
			sourceTree = "<group>";
		};
		C55BA1D61530FFB300782699 /* libidn */ = {
			isa = PBXGroup;
			children = (
				C55BA3251530FFE200782699 /* idn-int.h */,
				C55BA3261530FFE200782699 /* stringprep.h */,
			);
			path = libidn;
			sourceTree = "<group>";
		};
		C55BA1DB1530FFB300782699 /* socket.IO-objc */ = {
			isa = PBXGroup;
			children = (
				C55BA1DE1530FFB300782699 /* SocketIO.h */,
				C55BA1DF1530FFB300782699 /* SocketIO.m */,
			);
			path = "socket.IO-objc";
			sourceTree = "<group>";
		};
		C55BA1E01530FFB300782699 /* XMPPFramework */ = {
			isa = PBXGroup;
			children = (
				C55BA1E41530FFB300782699 /* Categories */,
				C55BA1EC1530FFB300782699 /* Core */,
				C55BA2011530FFB300782699 /* Extensions */,
				C55BA29B1530FFB300782699 /* Utilities */,
			);
			path = XMPPFramework;
			sourceTree = "<group>";
		};
		C55BA1E41530FFB300782699 /* Categories */ = {
			isa = PBXGroup;
			children = (
				C55BA1E51530FFB300782699 /* NSData+XMPP.h */,
				C55BA1E61530FFB300782699 /* NSData+XMPP.m */,
				C55BA1E71530FFB300782699 /* NSNumber+XMPP.h */,
				C55BA1E81530FFB300782699 /* NSNumber+XMPP.m */,
				C55BA1E91530FFB300782699 /* NSXMLElement+XMPP.h */,
				C55BA1EA1530FFB300782699 /* NSXMLElement+XMPP.m */,
			);
			path = Categories;
			sourceTree = "<group>";
		};
		C55BA1EC1530FFB300782699 /* Core */ = {
			isa = PBXGroup;
			children = (
				C55BA1ED1530FFB300782699 /* XMPP.h */,
				C55BA1EE1530FFB300782699 /* XMPPElement.h */,
				C55BA1EF1530FFB300782699 /* XMPPElement.m */,
				C55BA1F01530FFB300782699 /* XMPPFramework.h */,
				C55BA1F11530FFB300782699 /* XMPPInternal.h */,
				C55BA1F21530FFB300782699 /* XMPPIQ.h */,
				C55BA1F31530FFB300782699 /* XMPPIQ.m */,
				C55BA1F41530FFB300782699 /* XMPPJID.h */,
				C55BA1F51530FFB300782699 /* XMPPJID.m */,
				C55BA1F61530FFB300782699 /* XMPPLogging.h */,
				C55BA1F71530FFB300782699 /* XMPPMessage.h */,
				C55BA1F81530FFB300782699 /* XMPPMessage.m */,
				C55BA1F91530FFB300782699 /* XMPPModule.h */,
				C55BA1FA1530FFB300782699 /* XMPPModule.m */,
				C55BA1FB1530FFB300782699 /* XMPPParser.h */,
				C55BA1FC1530FFB300782699 /* XMPPParser.m */,
				C55BA1FD1530FFB300782699 /* XMPPPresence.h */,
				C55BA1FE1530FFB300782699 /* XMPPPresence.m */,
				C55BA1FF1530FFB300782699 /* XMPPStream.h */,
				C55BA2001530FFB300782699 /* XMPPStream.m */,
			);
			path = Core;
			sourceTree = "<group>";
		};
		C55BA2011530FFB300782699 /* Extensions */ = {
			isa = PBXGroup;
			children = (
				C55BA26B1530FFB300782699 /* XEP-0060 */,
			);
			path = Extensions;
			sourceTree = "<group>";
		};
		C55BA26B1530FFB300782699 /* XEP-0060 */ = {
			isa = PBXGroup;
			children = (
				C55BA26C1530FFB300782699 /* XMPPPubSub.h */,
				C55BA26D1530FFB300782699 /* XMPPPubSub.m */,
			);
			path = "XEP-0060";
			sourceTree = "<group>";
		};
		C55BA29B1530FFB300782699 /* Utilities */ = {
			isa = PBXGroup;
			children = (
				C55BA29C1530FFB300782699 /* DDList.h */,
				C55BA29D1530FFB300782699 /* DDList.m */,
				C55BA29E1530FFB300782699 /* GCDMulticastDelegate.h */,
				C55BA29F1530FFB300782699 /* GCDMulticastDelegate.m */,
				C55BA2A01530FFB300782699 /* LibIDN.h */,
				C55BA2A11530FFB300782699 /* LibIDN.m */,
				C55BA2A21530FFB300782699 /* RFImageToDataTransformer.h */,
				C55BA2A31530FFB300782699 /* RFImageToDataTransformer.m */,
				C55BA2A41530FFB300782699 /* XMPPDigestAuthentication.h */,
				C55BA2A51530FFB300782699 /* XMPPDigestAuthentication.m */,
				C55BA2A61530FFB300782699 /* XMPPIDTracker.h */,
				C55BA2A71530FFB300782699 /* XMPPIDTracker.m */,
				C55BA2A81530FFB300782699 /* XMPPSASLAuthentication.h */,
				C55BA2A91530FFB300782699 /* XMPPSRVResolver.h */,
				C55BA2AA1530FFB300782699 /* XMPPSRVResolver.m */,
				C55BA2AB1530FFB300782699 /* XMPPXFacebookPlatformAuthentication.h */,
				C55BA2AC1530FFB300782699 /* XMPPXFacebookPlatformAuthentication.m */,
			);
			path = Utilities;
			sourceTree = "<group>";
		};
/* End PBXGroup section */

/* Begin PBXNativeTarget section */
		119726391521E571002AF83F /* PhoneGapClient */ = {
			isa = PBXNativeTarget;
			buildConfigurationList = 119726931521E571002AF83F /* Build configuration list for PBXNativeTarget "PhoneGapClient" */;
			buildPhases = (
				119726331521E571002AF83F /* Sources */,
				119726341521E571002AF83F /* Frameworks */,
				119726351521E571002AF83F /* Resources */,
				119728B71521F2CD002AF83F /* CopyFiles */,
				119726361521E571002AF83F /* Sources */,
				119726371521E571002AF83F /* Frameworks */,
				119726381521E571002AF83F /* ShellScript */,
			);
			buildRules = (
			);
			dependencies = (
			);
			name = PhoneGapClient;
			productName = PhoneGapClient;
			productReference = 1197263A1521E571002AF83F /* PhoneGapClient.app */;
			productType = "com.apple.product-type.application";
		};
/* End PBXNativeTarget section */

/* Begin PBXProject section */
		1197262E1521E571002AF83F /* Project object */ = {
			isa = PBXProject;
			attributes = {
				LastUpgradeCheck = 0430;
			};
			buildConfigurationList = 119726311521E571002AF83F /* Build configuration list for PBXProject "PhoneGapClient" */;
			compatibilityVersion = "Xcode 3.2";
			developmentRegion = English;
			hasScannedForEncodings = 0;
			knownRegions = (
				en,
				es,
				de,
				se,
			);
			mainGroup = 1197262C1521E571002AF83F;
			productRefGroup = 1197263B1521E571002AF83F /* Products */;
			projectDirPath = "";
			projectRoot = "";
			targets = (
				119726391521E571002AF83F /* PhoneGapClient */,
			);
		};
/* End PBXProject section */

/* Begin PBXResourcesBuildPhase section */
		119726351521E571002AF83F /* Resources */ = {
			isa = PBXResourcesBuildPhase;
			buildActionMask = 2147483647;
			files = (
				1197265D1521E571002AF83F /* InfoPlist.strings in Resources */,
				119726671521E571002AF83F /* Localizable.strings in Resources */,
				1197266B1521E571002AF83F /* Localizable.strings in Resources */,
				1197266F1521E571002AF83F /* Localizable.strings in Resources */,
				119726731521E571002AF83F /* Localizable.strings in Resources */,
				119726761521E571002AF83F /* icon.png in Resources */,
				119726781521E571002AF83F /* icon@2x.png in Resources */,
				1197267A1521E571002AF83F /* icon-72.png in Resources */,
				1197267D1521E571002AF83F /* Default.png in Resources */,
				1197267F1521E571002AF83F /* Default@2x.png in Resources */,
				119726811521E571002AF83F /* Capture.bundle in Resources */,
				119726831521E571002AF83F /* Cordova.plist in Resources */,
				1197268C1521E571002AF83F /* MainViewController.xib in Resources */,
				119726901521E571002AF83F /* verify.sh in Resources */,
				1197269C1521E5C6002AF83F /* www in Resources */,
				11D4322A1522FE50004BE1F1 /* hcoptions.plist in Resources */,
				C55BA2B71530FFB300782699 /* README.txt in Resources */,
				C55BA32D1531010C00782699 /* hcoptions.plist in Resources */,
			);
			runOnlyForDeploymentPostprocessing = 0;
		};
/* End PBXResourcesBuildPhase section */

/* Begin PBXShellScriptBuildPhase section */
		119726381521E571002AF83F /* ShellScript */ = {
			isa = PBXShellScriptBuildPhase;
			buildActionMask = 2147483647;
			files = (
			);
			inputPaths = (
			);
			outputPaths = (
			);
			runOnlyForDeploymentPostprocessing = 0;
			shellPath = /bin/bash;
			shellScript = "\n\t\t\t\t\t\t\t\tchmod 755 $PROJECT_DIR/$PROJECT_NAME/verify.sh\n\t\t\t\t\t\t\t\t$PROJECT_DIR/$PROJECT_NAME/verify.sh\n\t\t\t\t\t";
		};
/* End PBXShellScriptBuildPhase section */

/* Begin PBXSourcesBuildPhase section */
		119726331521E571002AF83F /* Sources */ = {
			isa = PBXSourcesBuildPhase;
			buildActionMask = 2147483647;
			files = (
				1197265F1521E571002AF83F /* main.m in Sources */,
				119726871521E571002AF83F /* AppDelegate.m in Sources */,
				1197268A1521E571002AF83F /* MainViewController.m in Sources */,
				119728051521E5D1002AF83F /* HCClient.m in Sources */,
				119728061521E5D1002AF83F /* HCMessage.m in Sources */,
				119728071521E5D1002AF83F /* HCGatewayOptions.m in Sources */,
				119728081521E5D1002AF83F /* HCOptions.m in Sources */,
				119728091521E5D1002AF83F /* HCSocketIOOptions.m in Sources */,
				1197280A1521E5D1002AF83F /* HCXmppOptions.m in Sources */,
				1197280B1521E5D1002AF83F /* HCXmpp+XMPPStreamDelegate.m in Sources */,
				1197280C1521E5D1002AF83F /* HCReachability.m in Sources */,
				1197280D1521E5D1002AF83F /* HCReconnect.m in Sources */,
				1197280E1521E5D1002AF83F /* HCSocketIO+HCReconnectDelegate.m in Sources */,
				1197280F1521E5D1002AF83F /* HCSocketIO+HCTransportProtocol.m in Sources */,
				119728101521E5D1002AF83F /* HCSocketIO+Helper.m in Sources */,
				119728111521E5D1002AF83F /* HCSocketIO+SocketIODelegate.m in Sources */,
				119728121521E5D1002AF83F /* HCSocketIO.m in Sources */,
				119728131521E5D1002AF83F /* HCXmpp+HCTransportProtocol.m in Sources */,
				119728141521E5D1002AF83F /* HCXmpp+XMPPPubSubDelegate.m in Sources */,
				119728151521E5D1002AF83F /* HCXmpp+XMPPUtils.m in Sources */,
				119728161521E5D1002AF83F /* HCXmpp.m in Sources */,
				119728171521E5D1002AF83F /* HCUtils.m in Sources */,
				110A3FF71524890900C1EDDA /* HCXmpp+HCReconnectDelegate.m in Sources */,
				110A40061524942500C1EDDA /* HCOptions+HCPhoneGapUtil.m in Sources */,
				110A40081524942500C1EDDA /* HCPhoneGapClientCommand.m in Sources */,
				C55BA2AE1530FFB300782699 /* WebSocket.m in Sources */,
				C55BA2AF1530FFB300782699 /* GCDAsyncSocket.m in Sources */,
				C55BA2B01530FFB300782699 /* DDAbstractDatabaseLogger.m in Sources */,
				C55BA2B11530FFB300782699 /* DDASLLogger.m in Sources */,
				C55BA2B21530FFB300782699 /* DDFileLogger.m in Sources */,
				C55BA2B31530FFB300782699 /* DDLog.m in Sources */,
				C55BA2B41530FFB300782699 /* DDTTYLogger.m in Sources */,
				C55BA2B51530FFB300782699 /* ContextFilterLogFormatter.m in Sources */,
				C55BA2B61530FFB300782699 /* DispatchQueueLogFormatter.m in Sources */,
				C55BA2B91530FFB300782699 /* NSObject+SBJson.m in Sources */,
				C55BA2BA1530FFB300782699 /* SBJsonParser.m in Sources */,
				C55BA2BB1530FFB300782699 /* SBJsonStreamParser.m in Sources */,
				C55BA2BC1530FFB300782699 /* SBJsonStreamParserAccumulator.m in Sources */,
				C55BA2BD1530FFB300782699 /* SBJsonStreamParserAdapter.m in Sources */,
				C55BA2BE1530FFB300782699 /* SBJsonStreamParserState.m in Sources */,
				C55BA2BF1530FFB300782699 /* SBJsonStreamWriter.m in Sources */,
				C55BA2C01530FFB300782699 /* SBJsonStreamWriterAccumulator.m in Sources */,
				C55BA2C11530FFB300782699 /* SBJsonStreamWriterState.m in Sources */,
				C55BA2C21530FFB300782699 /* SBJsonTokeniser.m in Sources */,
				C55BA2C31530FFB300782699 /* SBJsonUTF8Stream.m in Sources */,
				C55BA2C41530FFB300782699 /* SBJsonWriter.m in Sources */,
				C55BA2C81530FFB300782699 /* NSString+DDXML.m in Sources */,
				C55BA2C91530FFB300782699 /* DDXMLDocument.m in Sources */,
				C55BA2CA1530FFB300782699 /* DDXMLElement.m in Sources */,
				C55BA2CB1530FFB300782699 /* DDXMLNode.m in Sources */,
				C55BA2D01530FFB300782699 /* SocketIO.m in Sources */,
				C55BA2D41530FFB300782699 /* NSData+XMPP.m in Sources */,
				C55BA2D51530FFB300782699 /* NSNumber+XMPP.m in Sources */,
				C55BA2D61530FFB300782699 /* NSXMLElement+XMPP.m in Sources */,
				C55BA2D81530FFB300782699 /* XMPPElement.m in Sources */,
				C55BA2D91530FFB300782699 /* XMPPIQ.m in Sources */,
				C55BA2DA1530FFB300782699 /* XMPPJID.m in Sources */,
				C55BA2DB1530FFB300782699 /* XMPPMessage.m in Sources */,
				C55BA2DC1530FFB300782699 /* XMPPModule.m in Sources */,
				C55BA2DD1530FFB300782699 /* XMPPParser.m in Sources */,
				C55BA2DE1530FFB300782699 /* XMPPPresence.m in Sources */,
				C55BA2DF1530FFB300782699 /* XMPPStream.m in Sources */,
				C55BA30A1530FFB300782699 /* XMPPPubSub.m in Sources */,
				C55BA31D1530FFB300782699 /* DDList.m in Sources */,
				C55BA31E1530FFB300782699 /* GCDMulticastDelegate.m in Sources */,
				C55BA31F1530FFB300782699 /* LibIDN.m in Sources */,
				C55BA3201530FFB300782699 /* RFImageToDataTransformer.m in Sources */,
				C55BA3211530FFB300782699 /* XMPPDigestAuthentication.m in Sources */,
				C55BA3221530FFB300782699 /* XMPPIDTracker.m in Sources */,
				C55BA3231530FFB300782699 /* XMPPSRVResolver.m in Sources */,
				C55BA3241530FFB300782699 /* XMPPXFacebookPlatformAuthentication.m in Sources */,
			);
			runOnlyForDeploymentPostprocessing = 0;
		};
		119726361521E571002AF83F /* Sources */ = {
			isa = PBXSourcesBuildPhase;
			buildActionMask = 2147483647;
			files = (
			);
			runOnlyForDeploymentPostprocessing = 0;
		};
/* End PBXSourcesBuildPhase section */

/* Begin PBXVariantGroup section */
		1197265B1521E571002AF83F /* InfoPlist.strings */ = {
			isa = PBXVariantGroup;
			children = (
				1197265C1521E571002AF83F /* en */,
			);
			name = InfoPlist.strings;
			sourceTree = "<group>";
		};
		119726651521E571002AF83F /* Localizable.strings */ = {
			isa = PBXVariantGroup;
			children = (
				119726661521E571002AF83F /* en */,
			);
			name = Localizable.strings;
			sourceTree = "<group>";
		};
		119726691521E571002AF83F /* Localizable.strings */ = {
			isa = PBXVariantGroup;
			children = (
				1197266A1521E571002AF83F /* es */,
			);
			name = Localizable.strings;
			sourceTree = "<group>";
		};
		1197266D1521E571002AF83F /* Localizable.strings */ = {
			isa = PBXVariantGroup;
			children = (
				1197266E1521E571002AF83F /* de */,
			);
			name = Localizable.strings;
			sourceTree = "<group>";
		};
		119726711521E571002AF83F /* Localizable.strings */ = {
			isa = PBXVariantGroup;
			children = (
				119726721521E571002AF83F /* se */,
			);
			name = Localizable.strings;
			sourceTree = "<group>";
		};
/* End PBXVariantGroup section */

/* Begin XCBuildConfiguration section */
		119726911521E571002AF83F /* Debug */ = {
			isa = XCBuildConfiguration;
			buildSettings = {
				ALWAYS_SEARCH_USER_PATHS = NO;
				ARCHS = (
					armv6,
					"$(ARCHS_STANDARD_32_BIT)",
				);
				CLANG_ENABLE_OBJC_ARC = YES;
				"CODE_SIGN_IDENTITY[sdk=iphoneos*]" = "iPhone Developer";
				COPY_PHASE_STRIP = NO;
				GCC_C_LANGUAGE_STANDARD = gnu99;
				GCC_DYNAMIC_NO_PIC = NO;
				GCC_OPTIMIZATION_LEVEL = 0;
				GCC_PREPROCESSOR_DEFINITIONS = (
					"DEBUG=1",
					"$(inherited)",
				);
				GCC_SYMBOLS_PRIVATE_EXTERN = NO;
				GCC_THUMB_SUPPORT = NO;
				GCC_VERSION = com.apple.compilers.llvm.clang.1_0;
				GCC_WARN_ABOUT_MISSING_PROTOTYPES = YES;
				GCC_WARN_ABOUT_RETURN_TYPE = YES;
				GCC_WARN_UNUSED_VARIABLE = YES;
				IPHONEOS_DEPLOYMENT_TARGET = 3.0;
				SDKROOT = iphoneos;
			};
			name = Debug;
		};
		119726921521E571002AF83F /* Release */ = {
			isa = XCBuildConfiguration;
			buildSettings = {
				ALWAYS_SEARCH_USER_PATHS = NO;
				ARCHS = (
					armv6,
					"$(ARCHS_STANDARD_32_BIT)",
				);
				CLANG_ENABLE_OBJC_ARC = YES;
				"CODE_SIGN_IDENTITY[sdk=iphoneos*]" = "iPhone Developer";
				COPY_PHASE_STRIP = YES;
				GCC_C_LANGUAGE_STANDARD = gnu99;
				GCC_THUMB_SUPPORT = NO;
				GCC_VERSION = com.apple.compilers.llvm.clang.1_0;
				GCC_WARN_ABOUT_MISSING_PROTOTYPES = YES;
				GCC_WARN_ABOUT_RETURN_TYPE = YES;
				GCC_WARN_UNUSED_VARIABLE = YES;
				IPHONEOS_DEPLOYMENT_TARGET = 3.0;
				SDKROOT = iphoneos;
				VALIDATE_PRODUCT = YES;
			};
			name = Release;
		};
		119726941521E571002AF83F /* Debug */ = {
			isa = XCBuildConfiguration;
			buildSettings = {
				ALWAYS_SEARCH_USER_PATHS = YES;
				CLANG_ENABLE_OBJC_ARC = YES;
				COPY_PHASE_STRIP = NO;
				FRAMEWORK_SEARCH_PATHS = /Users/Shared/Cordova/Frameworks;
				GCC_DYNAMIC_NO_PIC = NO;
				GCC_PRECOMPILE_PREFIX_HEADER = YES;
				GCC_PREFIX_HEADER = "PhoneGapClient/PhoneGapClient-Prefix.pch";
				GCC_PREPROCESSOR_DEFINITIONS = "CORDOVA_FRAMEWORK=1";
				GCC_THUMB_SUPPORT = NO;
				HEADER_SEARCH_PATHS = /usr/include/libxml2;
				INFOPLIST_FILE = "PhoneGapClient/PhoneGapClient-Info.plist";
				IPHONEOS_DEPLOYMENT_TARGET = 4.0;
				LIBRARY_SEARCH_PATHS = (
					"$(inherited)",
					"\"$(SRCROOT)/../../../HubiquitusClient/vendor/libidn\"",
				);
				OTHER_LDFLAGS = "";
				PRODUCT_NAME = "$(TARGET_NAME)";
				TARGETED_DEVICE_FAMILY = 1;
				WRAPPER_EXTENSION = app;
			};
			name = Debug;
		};
		119726951521E571002AF83F /* Release */ = {
			isa = XCBuildConfiguration;
			buildSettings = {
				ALWAYS_SEARCH_USER_PATHS = YES;
				CLANG_ENABLE_OBJC_ARC = YES;
				COPY_PHASE_STRIP = YES;
				DEBUG_INFORMATION_FORMAT = "dwarf-with-dsym";
				FRAMEWORK_SEARCH_PATHS = /Users/Shared/Cordova/Frameworks;
				GCC_PRECOMPILE_PREFIX_HEADER = YES;
				GCC_PREFIX_HEADER = "PhoneGapClient/PhoneGapClient-Prefix.pch";
				GCC_PREPROCESSOR_DEFINITIONS = (
					"NDEBUG=1,",
					"CORDOVA_FRAMEWORK=1",
				);
				GCC_THUMB_SUPPORT = NO;
				HEADER_SEARCH_PATHS = /usr/include/libxml2;
				INFOPLIST_FILE = "PhoneGapClient/PhoneGapClient-Info.plist";
				IPHONEOS_DEPLOYMENT_TARGET = 4.0;
				LIBRARY_SEARCH_PATHS = (
					"$(inherited)",
					"\"$(SRCROOT)/../../../HubiquitusClient/vendor/libidn\"",
				);
				OTHER_LDFLAGS = "";
				PRODUCT_NAME = "$(TARGET_NAME)";
				TARGETED_DEVICE_FAMILY = 1;
				VALIDATE_PRODUCT = YES;
				WRAPPER_EXTENSION = app;
			};
			name = Release;
		};
/* End XCBuildConfiguration section */

/* Begin XCConfigurationList section */
		119726311521E571002AF83F /* Build configuration list for PBXProject "PhoneGapClient" */ = {
			isa = XCConfigurationList;
			buildConfigurations = (
				119726911521E571002AF83F /* Debug */,
				119726921521E571002AF83F /* Release */,
			);
			defaultConfigurationIsVisible = 0;
			defaultConfigurationName = Release;
		};
		119726931521E571002AF83F /* Build configuration list for PBXNativeTarget "PhoneGapClient" */ = {
			isa = XCConfigurationList;
			buildConfigurations = (
				119726941521E571002AF83F /* Debug */,
				119726951521E571002AF83F /* Release */,
			);
			defaultConfigurationIsVisible = 0;
			defaultConfigurationName = Release;
		};
/* End XCConfigurationList section */
	};
	rootObject = 1197262E1521E571002AF83F /* Project object */;
}
